<?xml version="1.0" encoding="utf-8"?>
<Project ToolsVersion="4.0" xmlns="http://schemas.microsoft.com/developer/msbuild/2003">
  <ItemGroup>
    <Filter Include="src">
      <UniqueIdentifier>{2DAB880B-99B4-887C-2230-9F7C8E38947C}</UniqueIdentifier>
    </Filter>
    <Filter Include="src\Ant">
      <UniqueIdentifier>{9F622FA9-0B42-AE44-145A-391B80B814A6}</UniqueIdentifier>
    </Filter>
    <Filter Include="src\Ant\Animation">
      <UniqueIdentifier>{4E2EBBEF-BA44-B985-03BC-44A76F118A0D}</UniqueIdentifier>
    </Filter>
    <Filter Include="src\Ant\Asset">
      <UniqueIdentifier>{6E52989D-DA12-14D4-A34D-5D510FCD58B0}</UniqueIdentifier>
    </Filter>
    <Filter Include="src\Ant\Asset\AssetManager">
      <UniqueIdentifier>{B899BBCA-A4A9-679B-0D63-CCB9F9915634}</UniqueIdentifier>
    </Filter>
    <Filter Include="src\Ant\Audio">
      <UniqueIdentifier>{E02B999D-4CEC-14D4-1527-5E5181A659B0}</UniqueIdentifier>
    </Filter>
    <Filter Include="src\Ant\Audio\AudioEvents">
      <UniqueIdentifier>{16CB8758-828D-BBE2-CB3D-4A6F373F94C0}</UniqueIdentifier>
    </Filter>
    <Filter Include="src\Ant\Audio\Buffer">
      <UniqueIdentifier>{C99139C4-B520-C38D-5E3F-D7884AADD333}</UniqueIdentifier>
    </Filter>
    <Filter Include="src\Ant\Audio\DSP">
      <UniqueIdentifier>{F60D27DC-6224-2572-AB9B-B09317F1F5F9}</UniqueIdentifier>
    </Filter>
    <Filter Include="src\Ant\Audio\DSP\Components">
      <UniqueIdentifier>{4B8D8D58-3748-7D04-E0FF-F54ECC99C794}</UniqueIdentifier>
    </Filter>
    <Filter Include="src\Ant\Audio\DSP\Filters">
      <UniqueIdentifier>{3EAFCCBD-AA71-0048-F321-8FD45F23D925}</UniqueIdentifier>
    </Filter>
    <Filter Include="src\Ant\Audio\DSP\Reverb">
      <UniqueIdentifier>{8B44F711-7769-4692-A0B4-2B228C3845B0}</UniqueIdentifier>
    </Filter>
    <Filter Include="src\Ant\Audio\DSP\Spatializer">
      <UniqueIdentifier>{6DAC9213-D9C4-793D-A271-09D70E490ED7}</UniqueIdentifier>
    </Filter>
    <Filter Include="src\Ant\Audio\Editor">
      <UniqueIdentifier>{164D07CA-02DC-9093-ABFA-A48E9768A139}</UniqueIdentifier>
    </Filter>
    <Filter Include="src\Ant\Audio\SoundGraph">
      <UniqueIdentifier>{0A93264B-F6B7-75CB-1F03-5B5B0B8774E9}</UniqueIdentifier>
    </Filter>
    <Filter Include="src\Ant\Audio\SoundGraph\Nodes">
      <UniqueIdentifier>{52B4B3B5-3EDA-7D1C-2720-03E813E5A2E8}</UniqueIdentifier>
    </Filter>
    <Filter Include="src\Ant\Audio\SoundGraph\Utils">
      <UniqueIdentifier>{EA3335B6-D659-FF1C-BF9F-84E8AB6424E9}</UniqueIdentifier>
    </Filter>
    <Filter Include="src\Ant\Core">
      <UniqueIdentifier>{57027ACE-4365-0973-ECEA-4129D82CD5F5}</UniqueIdentifier>
    </Filter>
    <Filter Include="src\Ant\Core\Events">
      <UniqueIdentifier>{5BC6B81A-C727-9628-5095-DCDABCF5CCE7}</UniqueIdentifier>
    </Filter>
    <Filter Include="src\Ant\Core\Math">
      <UniqueIdentifier>{90757A63-FC8B-78F9-4503-041BB1584981}</UniqueIdentifier>
    </Filter>
    <Filter Include="src\Ant\Debug">
      <UniqueIdentifier>{55A8C69D-C168-42D4-8AA3-8B51F62287B0}</UniqueIdentifier>
    </Filter>
    <Filter Include="src\Ant\Editor">
      <UniqueIdentifier>{F596E258-E164-D65E-CAF8-4685B665B2C3}</UniqueIdentifier>
    </Filter>
    <Filter Include="src\Ant\Editor\EditorConsole">
      <UniqueIdentifier>{FEA50D2E-EA60-FDD9-9318-76247FB2476A}</UniqueIdentifier>
    </Filter>
    <Filter Include="src\Ant\Editor\NodeGraphEditor">
      <UniqueIdentifier>{436E9E48-2F94-68AF-18DA-ED7A049F8D7B}</UniqueIdentifier>
    </Filter>
    <Filter Include="src\Ant\Editor\NodeGraphEditor\SoundGraph">
      <UniqueIdentifier>{8DB13B95-F9CB-9E36-42EE-AECAAE47C63D}</UniqueIdentifier>
    </Filter>
    <Filter Include="src\Ant\ImGui">
      <UniqueIdentifier>{0913259E-75D3-A0D4-3E0E-EA51AA8DE5B0}</UniqueIdentifier>
    </Filter>
    <Filter Include="src\Ant\Math">
      <UniqueIdentifier>{D8427FCE-C4A5-0E73-6D2B-4729596DDAF5}</UniqueIdentifier>
    </Filter>
    <Filter Include="src\Ant\Physics">
      <UniqueIdentifier>{11956BCE-7D20-D992-8631-5C87F23B3593}</UniqueIdentifier>
    </Filter>
    <Filter Include="src\Ant\Physics\2D">
      <UniqueIdentifier>{1696490C-027A-0A62-6BDA-04B557DDF4E3}</UniqueIdentifier>
    </Filter>
    <Filter Include="src\Ant\Physics\3D">
      <UniqueIdentifier>{3796490C-237A-0A62-8CDA-04B578DDF4E3}</UniqueIdentifier>
    </Filter>
    <Filter Include="src\Ant\Physics\3D\Debug">
      <UniqueIdentifier>{ED2D0FFB-D952-5E7B-029E-430BEE215D99}</UniqueIdentifier>
    </Filter>
    <Filter Include="src\Ant\Platform">
      <UniqueIdentifier>{D301DC97-BFFA-FAE9-E82C-E06ED484DAF5}</UniqueIdentifier>
    </Filter>
    <Filter Include="src\Ant\Platform\OpenGL">
      <UniqueIdentifier>{A7FFCF86-1337-181E-1C41-7C4188F73E17}</UniqueIdentifier>
    </Filter>
    <Filter Include="src\Ant\Platform\Vulkan">
      <UniqueIdentifier>{F3638297-5F9B-CA2E-68A5-2E52D45BF127}</UniqueIdentifier>
    </Filter>
    <Filter Include="src\Ant\Platform\Vulkan\Debug">
      <UniqueIdentifier>{A958B2FA-1571-9924-DE1D-29BE4AF52DBE}</UniqueIdentifier>
    </Filter>
    <Filter Include="src\Ant\Platform\Vulkan\ShaderCompiler">
      <UniqueIdentifier>{74ED0CDE-603F-E4CD-495E-21DE354FFDB6}</UniqueIdentifier>
    </Filter>
    <Filter Include="src\Ant\Platform\Vulkan\ShaderCompiler\ShaderPreprocessing">
      <UniqueIdentifier>{5E70EA20-4A30-7BC5-B34D-63D09F2C8ED7}</UniqueIdentifier>
    </Filter>
    <Filter Include="src\Ant\Platform\Windows">
      <UniqueIdentifier>{0DCFEBB8-F9F3-3A39-223F-20C90EC33957}</UniqueIdentifier>
    </Filter>
    <Filter Include="src\Ant\Project">
      <UniqueIdentifier>{E53505E5-51C1-72A9-5AD2-F59DC6DCCEA9}</UniqueIdentifier>
    </Filter>
    <Filter Include="src\Ant\Reflection">
      <UniqueIdentifier>{F9D7DB09-E5BB-9C5F-4E1C-97B23A1F87E1}</UniqueIdentifier>
    </Filter>
    <Filter Include="src\Ant\Renderer">
      <UniqueIdentifier>{2509B972-1102-D8C4-3A34-BD49268CB7D0}</UniqueIdentifier>
    </Filter>
    <Filter Include="src\Ant\Renderer\UI">
      <UniqueIdentifier>{32861DA9-9EE7-FAB6-2755-416993B53176}</UniqueIdentifier>
    </Filter>
    <Filter Include="src\Ant\Scene">
      <UniqueIdentifier>{FC0AD59E-68CB-50D5-3106-9A529D8595B1}</UniqueIdentifier>
    </Filter>
    <Filter Include="src\Ant\Scripts">
      <UniqueIdentifier>{D6782CA9-4204-9A6D-4B15-1D62B71FF66D}</UniqueIdentifier>
    </Filter>
    <Filter Include="src\Ant\Serialization">
      <UniqueIdentifier>{6C654ECE-D8D1-09C9-A1C5-A1260DF12B31}</UniqueIdentifier>
    </Filter>
    <Filter Include="src\Ant\Utilities">
      <UniqueIdentifier>{CA993A91-36B0-3827-7F27-C448EB7C09AF}</UniqueIdentifier>
    </Filter>
    <Filter Include="src\Ant\Vendor">
      <UniqueIdentifier>{FCDB9E80-E8A9-9286-D13D-03ADBDAA6EEB}</UniqueIdentifier>
    </Filter>
    <Filter Include="src\Ant\Vendor\imgui-node-editor">
      <UniqueIdentifier>{ADF15FDB-9942-4B1D-C2A6-39DFAE56DE86}</UniqueIdentifier>
    </Filter>
    <Filter Include="vendor">
      <UniqueIdentifier>{B3738122-9F15-ACF8-88D0-BF4C74113349}</UniqueIdentifier>
    </Filter>
    <Filter Include="vendor\FastNoise">
      <UniqueIdentifier>{EEFAAAA2-DAF3-C9F4-0326-AF79EF7DA900}</UniqueIdentifier>
    </Filter>
    <Filter Include="vendor\VulkanMemoryAllocator">
      <UniqueIdentifier>{CD0FE8DE-B9CA-D78A-6282-50D54E1C221B}</UniqueIdentifier>
    </Filter>
    <Filter Include="vendor\yaml-cpp">
      <UniqueIdentifier>{C5B3FC54-313F-6A19-3A50-ED0DA65AC619}</UniqueIdentifier>
    </Filter>
    <Filter Include="vendor\yaml-cpp\include">
      <UniqueIdentifier>{38D04F32-A407-98C9-AD11-FCEC19C8BEC2}</UniqueIdentifier>
    </Filter>
    <Filter Include="vendor\yaml-cpp\include\yaml-cpp">
      <UniqueIdentifier>{EAF52FF2-D646-1B34-FFAA-09F6EB5AAE9D}</UniqueIdentifier>
    </Filter>
    <Filter Include="vendor\yaml-cpp\include\yaml-cpp\contrib">
      <UniqueIdentifier>{EA87E472-D604-D8B5-FF81-D8C9EB5D7449}</UniqueIdentifier>
    </Filter>
    <Filter Include="vendor\yaml-cpp\include\yaml-cpp\node">
      <UniqueIdentifier>{FFEED84C-6BB3-D73C-3419-0807A09C7372}</UniqueIdentifier>
    </Filter>
    <Filter Include="vendor\yaml-cpp\include\yaml-cpp\node\detail">
      <UniqueIdentifier>{E131EE05-CD44-EE5E-762E-CB4B62208BAC}</UniqueIdentifier>
    </Filter>
    <Filter Include="vendor\yaml-cpp\src">
      <UniqueIdentifier>{5CCC2628-C82D-0436-519B-4AE8BDFB3AF5}</UniqueIdentifier>
    </Filter>
    <Filter Include="vendor\yaml-cpp\src\contrib">
      <UniqueIdentifier>{5CB0BB24-C8BD-E90A-51A4-E5F5BDB0B5C1}</UniqueIdentifier>
    </Filter>
  </ItemGroup>
  <ItemGroup>
    <ClInclude Include="src\Ant.h">
      <Filter>src</Filter>
    </ClInclude>
    <ClInclude Include="src\Ant\Animation\Animation.h">
      <Filter>src\Ant\Animation</Filter>
    </ClInclude>
    <ClInclude Include="src\Ant\Animation\AnimationAssetSerializer.h">
      <Filter>src\Ant\Animation</Filter>
    </ClInclude>
    <ClInclude Include="src\Ant\Animation\AnimationController.h">
      <Filter>src\Ant\Animation</Filter>
    </ClInclude>
    <ClInclude Include="src\Ant\Animation\AnimationImporterAssimp.h">
      <Filter>src\Ant\Animation</Filter>
    </ClInclude>
    <ClInclude Include="src\Ant\Animation\Skeleton.h">
      <Filter>src\Ant\Animation</Filter>
    </ClInclude>
    <ClInclude Include="src\Ant\Asset\Asset.h">
      <Filter>src\Ant\Asset</Filter>
    </ClInclude>
    <ClInclude Include="src\Ant\Asset\AssetExtensions.h">
      <Filter>src\Ant\Asset</Filter>
    </ClInclude>
    <ClInclude Include="src\Ant\Asset\AssetImporter.h">
      <Filter>src\Ant\Asset</Filter>
    </ClInclude>
    <ClInclude Include="src\Ant\Asset\AssetManager.h">
      <Filter>src\Ant\Asset</Filter>
    </ClInclude>
    <ClInclude Include="src\Ant\Asset\AssetManager\AssetManagerBase.h">
      <Filter>src\Ant\Asset\AssetManager</Filter>
    </ClInclude>
    <ClInclude Include="src\Ant\Asset\AssetManager\EditorAssetManager.h">
      <Filter>src\Ant\Asset\AssetManager</Filter>
    </ClInclude>
    <ClInclude Include="src\Ant\Asset\AssetManager\RuntimeAssetManager.h">
      <Filter>src\Ant\Asset\AssetManager</Filter>
    </ClInclude>
    <ClInclude Include="src\Ant\Asset\AssetMetadata.h">
      <Filter>src\Ant\Asset</Filter>
    </ClInclude>
    <ClInclude Include="src\Ant\Asset\AssetRegistry.h">
      <Filter>src\Ant\Asset</Filter>
    </ClInclude>
    <ClInclude Include="src\Ant\Asset\AssetSerializer.h">
      <Filter>src\Ant\Asset</Filter>
    </ClInclude>
    <ClInclude Include="src\Ant\Asset\AssetTypes.h">
      <Filter>src\Ant\Asset</Filter>
    </ClInclude>
    <ClInclude Include="src\Ant\Asset\AssimpMeshImporter.h">
      <Filter>src\Ant\Asset</Filter>
    </ClInclude>
    <ClInclude Include="src\Ant\Asset\GraphSerializer.h">
      <Filter>src\Ant\Asset</Filter>
    </ClInclude>
    <ClInclude Include="src\Ant\Asset\MeshColliderAsset.h">
      <Filter>src\Ant\Asset</Filter>
    </ClInclude>
    <ClInclude Include="src\Ant\Asset\MeshRuntimeSerializer.h">
      <Filter>src\Ant\Asset</Filter>
    </ClInclude>
    <ClInclude Include="src\Ant\Asset\MeshSerializer.h">
      <Filter>src\Ant\Asset</Filter>
    </ClInclude>
    <ClInclude Include="src\Ant\Asset\MeshSourceFile.h">
      <Filter>src\Ant\Asset</Filter>
    </ClInclude>
    <ClInclude Include="src\Ant\Asset\TextureImporter.h">
      <Filter>src\Ant\Asset</Filter>
    </ClInclude>
    <ClInclude Include="src\Ant\Audio\Audio.h">
      <Filter>src\Ant\Audio</Filter>
    </ClInclude>
    <ClInclude Include="src\Ant\Audio\AudioCallback.h">
      <Filter>src\Ant\Audio</Filter>
    </ClInclude>
    <ClInclude Include="src\Ant\Audio\AudioComponent.h">
      <Filter>src\Ant\Audio</Filter>
    </ClInclude>
    <ClInclude Include="src\Ant\Audio\AudioEngine.h">
      <Filter>src\Ant\Audio</Filter>
    </ClInclude>
    <ClInclude Include="src\Ant\Audio\AudioEvents\AudioCommandRegistry.h">
      <Filter>src\Ant\Audio\AudioEvents</Filter>
    </ClInclude>
    <ClInclude Include="src\Ant\Audio\AudioEvents\AudioCommands.h">
      <Filter>src\Ant\Audio\AudioEvents</Filter>
    </ClInclude>
    <ClInclude Include="src\Ant\Audio\AudioEvents\CommandID.h">
      <Filter>src\Ant\Audio\AudioEvents</Filter>
    </ClInclude>
    <ClInclude Include="src\Ant\Audio\AudioEventsManager.h">
      <Filter>src\Ant\Audio</Filter>
    </ClInclude>
    <ClInclude Include="src\Ant\Audio\AudioFileUtils.h">
      <Filter>src\Ant\Audio</Filter>
    </ClInclude>
    <ClInclude Include="src\Ant\Audio\AudioObject.h">
      <Filter>src\Ant\Audio</Filter>
    </ClInclude>
    <ClInclude Include="src\Ant\Audio\AudioPlayback.h">
      <Filter>src\Ant\Audio</Filter>
    </ClInclude>
    <ClInclude Include="src\Ant\Audio\AudioReader.h">
      <Filter>src\Ant\Audio</Filter>
    </ClInclude>
    <ClInclude Include="src\Ant\Audio\Buffer\CircularBuffer.h">
      <Filter>src\Ant\Audio\Buffer</Filter>
    </ClInclude>
    <ClInclude Include="src\Ant\Audio\DSP\Components\DelayLine.h">
      <Filter>src\Ant\Audio\DSP\Components</Filter>
    </ClInclude>
    <ClInclude Include="src\Ant\Audio\DSP\Components\allpass.hpp">
      <Filter>src\Ant\Audio\DSP\Components</Filter>
    </ClInclude>
    <ClInclude Include="src\Ant\Audio\DSP\Components\comb.hpp">
      <Filter>src\Ant\Audio\DSP\Components</Filter>
    </ClInclude>
    <ClInclude Include="src\Ant\Audio\DSP\Components\denormals.h">
      <Filter>src\Ant\Audio\DSP\Components</Filter>
    </ClInclude>
    <ClInclude Include="src\Ant\Audio\DSP\Components\revmodel.hpp">
      <Filter>src\Ant\Audio\DSP\Components</Filter>
    </ClInclude>
    <ClInclude Include="src\Ant\Audio\DSP\Components\tuning.h">
      <Filter>src\Ant\Audio\DSP\Components</Filter>
    </ClInclude>
    <ClInclude Include="src\Ant\Audio\DSP\Filters\FilterHighPass.h">
      <Filter>src\Ant\Audio\DSP\Filters</Filter>
    </ClInclude>
    <ClInclude Include="src\Ant\Audio\DSP\Filters\FilterLowPass.h">
      <Filter>src\Ant\Audio\DSP\Filters</Filter>
    </ClInclude>
    <ClInclude Include="src\Ant\Audio\DSP\Reverb\Reverb.h">
      <Filter>src\Ant\Audio\DSP\Reverb</Filter>
    </ClInclude>
    <ClInclude Include="src\Ant\Audio\DSP\Spatializer\Spatializer.h">
      <Filter>src\Ant\Audio\DSP\Spatializer</Filter>
    </ClInclude>
    <ClInclude Include="src\Ant\Audio\DSP\Spatializer\VBAP.h">
      <Filter>src\Ant\Audio\DSP\Spatializer</Filter>
    </ClInclude>
    <ClInclude Include="src\Ant\Audio\Editor\AudioEventsEditor.h">
      <Filter>src\Ant\Audio\Editor</Filter>
    </ClInclude>
    <ClInclude Include="src\Ant\Audio\Editor\OrderedVector.h">
      <Filter>src\Ant\Audio\Editor</Filter>
    </ClInclude>
    <ClInclude Include="src\Ant\Audio\Editor\TreeModel.h">
      <Filter>src\Ant\Audio\Editor</Filter>
    </ClInclude>
    <ClInclude Include="src\Ant\Audio\EntityIDMaps.h">
      <Filter>src\Ant\Audio</Filter>
    </ClInclude>
    <ClInclude Include="src\Ant\Audio\ResourceManager.h">
      <Filter>src\Ant\Audio</Filter>
    </ClInclude>
    <ClInclude Include="src\Ant\Audio\Sound.h">
      <Filter>src\Ant\Audio</Filter>
    </ClInclude>
    <ClInclude Include="src\Ant\Audio\SoundBank.h">
      <Filter>src\Ant\Audio</Filter>
    </ClInclude>
    <ClInclude Include="src\Ant\Audio\SoundGraph\GraphGeneration.h">
      <Filter>src\Ant\Audio\SoundGraph</Filter>
    </ClInclude>
    <ClInclude Include="src\Ant\Audio\SoundGraph\NodeProcessor.h">
      <Filter>src\Ant\Audio\SoundGraph</Filter>
    </ClInclude>
    <ClInclude Include="src\Ant\Audio\SoundGraph\Nodes\ArrayNodes.h">
      <Filter>src\Ant\Audio\SoundGraph\Nodes</Filter>
    </ClInclude>
    <ClInclude Include="src\Ant\Audio\SoundGraph\Nodes\EnvelopeNodes.h">
      <Filter>src\Ant\Audio\SoundGraph\Nodes</Filter>
    </ClInclude>
    <ClInclude Include="src\Ant\Audio\SoundGraph\Nodes\GeneratorNodes.h">
      <Filter>src\Ant\Audio\SoundGraph\Nodes</Filter>
    </ClInclude>
    <ClInclude Include="src\Ant\Audio\SoundGraph\Nodes\MathNodes.h">
      <Filter>src\Ant\Audio\SoundGraph\Nodes</Filter>
    </ClInclude>
    <ClInclude Include="src\Ant\Audio\SoundGraph\Nodes\MusicNodes.h">
      <Filter>src\Ant\Audio\SoundGraph\Nodes</Filter>
    </ClInclude>
    <ClInclude Include="src\Ant\Audio\SoundGraph\Nodes\NodeDescriptors.h">
      <Filter>src\Ant\Audio\SoundGraph\Nodes</Filter>
    </ClInclude>
    <ClInclude Include="src\Ant\Audio\SoundGraph\Nodes\NodeTypes.h">
      <Filter>src\Ant\Audio\SoundGraph\Nodes</Filter>
    </ClInclude>
    <ClInclude Include="src\Ant\Audio\SoundGraph\Nodes\TriggerNodes.h">
      <Filter>src\Ant\Audio\SoundGraph\Nodes</Filter>
    </ClInclude>
    <ClInclude Include="src\Ant\Audio\SoundGraph\Nodes\WavePlayer.h">
      <Filter>src\Ant\Audio\SoundGraph\Nodes</Filter>
    </ClInclude>
    <ClInclude Include="src\Ant\Audio\SoundGraph\SoundGraph.h">
      <Filter>src\Ant\Audio\SoundGraph</Filter>
    </ClInclude>
    <ClInclude Include="src\Ant\Audio\SoundGraph\SoundGraphFactory.h">
      <Filter>src\Ant\Audio\SoundGraph</Filter>
    </ClInclude>
    <ClInclude Include="src\Ant\Audio\SoundGraph\SoundGraphPatchPreset.h">
      <Filter>src\Ant\Audio\SoundGraph</Filter>
    </ClInclude>
    <ClInclude Include="src\Ant\Audio\SoundGraph\SoundGraphPrototype.h">
      <Filter>src\Ant\Audio\SoundGraph</Filter>
    </ClInclude>
    <ClInclude Include="src\Ant\Audio\SoundGraph\SoundGraphSound.h">
      <Filter>src\Ant\Audio\SoundGraph</Filter>
    </ClInclude>
    <ClInclude Include="src\Ant\Audio\SoundGraph\SoundGraphSource.h">
      <Filter>src\Ant\Audio\SoundGraph</Filter>
    </ClInclude>
    <ClInclude Include="src\Ant\Audio\SoundGraph\Utils\CompilerCache.h">
      <Filter>src\Ant\Audio\SoundGraph\Utils</Filter>
    </ClInclude>
    <ClInclude Include="src\Ant\Audio\SoundGraph\Utils\CompilerCacheRuntime.h">
      <Filter>src\Ant\Audio\SoundGraph\Utils</Filter>
    </ClInclude>
    <ClInclude Include="src\Ant\Audio\SoundGraph\Utils\SoundGraphCache.h">
      <Filter>src\Ant\Audio\SoundGraph\Utils</Filter>
    </ClInclude>
    <ClInclude Include="src\Ant\Audio\SoundGraph\WaveSource.h">
      <Filter>src\Ant\Audio\SoundGraph</Filter>
    </ClInclude>
    <ClInclude Include="src\Ant\Audio\SoundObject.h">
      <Filter>src\Ant\Audio</Filter>
    </ClInclude>
    <ClInclude Include="src\Ant\Audio\SourceManager.h">
      <Filter>src\Ant\Audio</Filter>
    </ClInclude>
    <ClInclude Include="src\Ant\Audio\VFS.h">
      <Filter>src\Ant\Audio</Filter>
    </ClInclude>
    <ClInclude Include="src\Ant\Core\Application.h">
      <Filter>src\Ant\Core</Filter>
    </ClInclude>
    <ClInclude Include="src\Ant\Core\Assert.h">
      <Filter>src\Ant\Core</Filter>
    </ClInclude>
    <ClInclude Include="src\Ant\Core\Base.h">
      <Filter>src\Ant\Core</Filter>
    </ClInclude>
    <ClInclude Include="src\Ant\Core\Buffer.h">
      <Filter>src\Ant\Core</Filter>
    </ClInclude>
    <ClInclude Include="src\Ant\Core\Delegate.h">
      <Filter>src\Ant\Core</Filter>
    </ClInclude>
    <ClInclude Include="src\Ant\Core\Events\ApplicationEvent.h">
      <Filter>src\Ant\Core\Events</Filter>
    </ClInclude>
    <ClInclude Include="src\Ant\Core\Events\EditorEvents.h">
      <Filter>src\Ant\Core\Events</Filter>
    </ClInclude>
    <ClInclude Include="src\Ant\Core\Events\Event.h">
      <Filter>src\Ant\Core\Events</Filter>
    </ClInclude>
    <ClInclude Include="src\Ant\Core\Events\KeyEvent.h">
      <Filter>src\Ant\Core\Events</Filter>
    </ClInclude>
    <ClInclude Include="src\Ant\Core\Events\MouseEvent.h">
      <Filter>src\Ant\Core\Events</Filter>
    </ClInclude>
    <ClInclude Include="src\Ant\Core\Events\SceneEvents.h">
      <Filter>src\Ant\Core\Events</Filter>
    </ClInclude>
    <ClInclude Include="src\Ant\Core\FastRandom.h">
      <Filter>src\Ant\Core</Filter>
    </ClInclude>
    <ClInclude Include="src\Ant\Core\Hash.h">
      <Filter>src\Ant\Core</Filter>
    </ClInclude>
    <ClInclude Include="src\Ant\Core\Identifier.h">
      <Filter>src\Ant\Core</Filter>
    </ClInclude>
    <ClInclude Include="src\Ant\Core\Inputs.h">
      <Filter>src\Ant\Core</Filter>
    </ClInclude>
    <ClInclude Include="src\Ant\Core\KeyCodes.h">
      <Filter>src\Ant\Core</Filter>
    </ClInclude>
    <ClInclude Include="src\Ant\Core\Layer.h">
      <Filter>src\Ant\Core</Filter>
    </ClInclude>
    <ClInclude Include="src\Ant\Core\LayerStack.h">
      <Filter>src\Ant\Core</Filter>
    </ClInclude>
    <ClInclude Include="src\Ant\Core\Log.h">
      <Filter>src\Ant\Core</Filter>
    </ClInclude>
    <ClInclude Include="src\Ant\Core\LogCustomFormatters.h">
      <Filter>src\Ant\Core</Filter>
    </ClInclude>
    <ClInclude Include="src\Ant\Core\Math\AABB.h">
      <Filter>src\Ant\Core\Math</Filter>
    </ClInclude>
    <ClInclude Include="src\Ant\Core\Math\Mat4.h">
      <Filter>src\Ant\Core\Math</Filter>
    </ClInclude>
    <ClInclude Include="src\Ant\Core\Math\Noise.h">
      <Filter>src\Ant\Core\Math</Filter>
    </ClInclude>
    <ClInclude Include="src\Ant\Core\Math\Ray.h">
      <Filter>src\Ant\Core\Math</Filter>
    </ClInclude>
    <ClInclude Include="src\Ant\Core\Memory.h">
      <Filter>src\Ant\Core</Filter>
    </ClInclude>
    <ClInclude Include="src\Ant\Core\Platform.h">
      <Filter>src\Ant\Core</Filter>
    </ClInclude>
    <ClInclude Include="src\Ant\Core\Ref.h">
      <Filter>src\Ant\Core</Filter>
    </ClInclude>
    <ClInclude Include="src\Ant\Core\RenderThread.h">
      <Filter>src\Ant\Core</Filter>
    </ClInclude>
    <ClInclude Include="src\Ant\Core\Thread.h">
      <Filter>src\Ant\Core</Filter>
    </ClInclude>
    <ClInclude Include="src\Ant\Core\Timer.h">
      <Filter>src\Ant\Core</Filter>
    </ClInclude>
    <ClInclude Include="src\Ant\Core\Timestep.h">
      <Filter>src\Ant\Core</Filter>
    </ClInclude>
    <ClInclude Include="src\Ant\Core\UUID.h">
      <Filter>src\Ant\Core</Filter>
    </ClInclude>
    <ClInclude Include="src\Ant\Core\Window.h">
      <Filter>src\Ant\Core</Filter>
    </ClInclude>
    <ClInclude Include="src\Ant\Core\WindowsThread.h">
      <Filter>src\Ant\Core</Filter>
    </ClInclude>
    <ClInclude Include="src\Ant\Debug\Profiler.h">
      <Filter>src\Ant\Debug</Filter>
    </ClInclude>
    <ClInclude Include="src\Ant\Editor\ApplicationSettings.h">
      <Filter>src\Ant\Editor</Filter>
    </ClInclude>
    <ClInclude Include="src\Ant\Editor\AssetEditorPanel.h">
      <Filter>src\Ant\Editor</Filter>
    </ClInclude>
    <ClInclude Include="src\Ant\Editor\AssetEditorPanelInterface.h">
      <Filter>src\Ant\Editor</Filter>
    </ClInclude>
    <ClInclude Include="src\Ant\Editor\DefaultAssetEditors.h">
      <Filter>src\Ant\Editor</Filter>
    </ClInclude>
    <ClInclude Include="src\Ant\Editor\ECSDebugPanel.h">
      <Filter>src\Ant\Editor</Filter>
    </ClInclude>
    <ClInclude Include="src\Ant\Editor\EditorCamera.h">
      <Filter>src\Ant\Editor</Filter>
    </ClInclude>
    <ClInclude Include="src\Ant\Editor\EditorConsole\ConsoleMessage.h">
      <Filter>src\Ant\Editor\EditorConsole</Filter>
    </ClInclude>
    <ClInclude Include="src\Ant\Editor\EditorConsole\EditorConsoleSink.h">
      <Filter>src\Ant\Editor\EditorConsole</Filter>
    </ClInclude>
    <ClInclude Include="src\Ant\Editor\EditorConsolePanel.h">
      <Filter>src\Ant\Editor</Filter>
    </ClInclude>
    <ClInclude Include="src\Ant\Editor\EditorPanel.h">
      <Filter>src\Ant\Editor</Filter>
    </ClInclude>
    <ClInclude Include="src\Ant\Editor\EditorResources.h">
      <Filter>src\Ant\Editor</Filter>
    </ClInclude>
    <ClInclude Include="src\Ant\Editor\FontAwesome.h">
      <Filter>src\Ant\Editor</Filter>
    </ClInclude>
    <ClInclude Include="src\Ant\Editor\MeshColliderEditor.h">
      <Filter>src\Ant\Editor</Filter>
    </ClInclude>
    <ClInclude Include="src\Ant\Editor\MeshViewerPanel.h">
      <Filter>src\Ant\Editor</Filter>
    </ClInclude>
    <ClInclude Include="src\Ant\Editor\NodeGraphEditor\NodeEditorModel.h">
      <Filter>src\Ant\Editor\NodeGraphEditor</Filter>
    </ClInclude>
    <ClInclude Include="src\Ant\Editor\NodeGraphEditor\NodeGraphAsset.h">
      <Filter>src\Ant\Editor\NodeGraphEditor</Filter>
    </ClInclude>
    <ClInclude Include="src\Ant\Editor\NodeGraphEditor\NodeGraphEditor.h">
      <Filter>src\Ant\Editor\NodeGraphEditor</Filter>
    </ClInclude>
    <ClInclude Include="src\Ant\Editor\NodeGraphEditor\NodeGraphEditorContext.h">
      <Filter>src\Ant\Editor\NodeGraphEditor</Filter>
    </ClInclude>
    <ClInclude Include="src\Ant\Editor\NodeGraphEditor\Nodes.h">
      <Filter>src\Ant\Editor\NodeGraphEditor</Filter>
    </ClInclude>
    <ClInclude Include="src\Ant\Editor\NodeGraphEditor\PropertySet.h">
      <Filter>src\Ant\Editor\NodeGraphEditor</Filter>
    </ClInclude>
    <ClInclude Include="src\Ant\Editor\NodeGraphEditor\SoundGraph\SoundGraphEditorTypes.h">
      <Filter>src\Ant\Editor\NodeGraphEditor\SoundGraph</Filter>
    </ClInclude>
    <ClInclude Include="src\Ant\Editor\NodeGraphEditor\SoundGraph\SoundGraphGraphEditor.h">
      <Filter>src\Ant\Editor\NodeGraphEditor\SoundGraph</Filter>
    </ClInclude>
    <ClInclude Include="src\Ant\Editor\NodeGraphEditor\SoundGraph\SoundGraphNodeEditorModel.h">
      <Filter>src\Ant\Editor\NodeGraphEditor\SoundGraph</Filter>
    </ClInclude>
    <ClInclude Include="src\Ant\Editor\NodeGraphEditor\SoundGraph\SoundGraphNodes.h">
      <Filter>src\Ant\Editor\NodeGraphEditor\SoundGraph</Filter>
    </ClInclude>
    <ClInclude Include="src\Ant\Editor\PanelManager.h">
      <Filter>src\Ant\Editor</Filter>
    </ClInclude>
    <ClInclude Include="src\Ant\Editor\SceneHierarchyPanel.h">
      <Filter>src\Ant\Editor</Filter>
    </ClInclude>
    <ClInclude Include="src\Ant\Editor\ScriptEngineDebugPanel.h">
      <Filter>src\Ant\Editor</Filter>
    </ClInclude>
    <ClInclude Include="src\Ant\Editor\SelectionManager.h">
      <Filter>src\Ant\Editor</Filter>
    </ClInclude>
    <ClInclude Include="src\Ant\EntryPoint.h">
      <Filter>src\Ant</Filter>
    </ClInclude>
    <ClInclude Include="src\Ant\ImGui\Colours.h">
      <Filter>src\Ant\ImGui</Filter>
    </ClInclude>
    <ClInclude Include="src\Ant\ImGui\CustomTreeNode.h">
      <Filter>src\Ant\ImGui</Filter>
    </ClInclude>
    <ClInclude Include="src\Ant\ImGui\ImGui.h">
      <Filter>src\Ant\ImGui</Filter>
    </ClInclude>
    <ClInclude Include="src\Ant\ImGui\ImGuiFonts.h">
      <Filter>src\Ant\ImGui</Filter>
    </ClInclude>
    <ClInclude Include="src\Ant\ImGui\ImGuiLayer.h">
      <Filter>src\Ant\ImGui</Filter>
    </ClInclude>
    <ClInclude Include="src\Ant\ImGui\ImGuiUtilities.h">
      <Filter>src\Ant\ImGui</Filter>
    </ClInclude>
    <ClInclude Include="src\Ant\ImGui\ImGuiWidgets.h">
      <Filter>src\Ant\ImGui</Filter>
    </ClInclude>
    <ClInclude Include="src\Ant\ImGui\ImGuizmo.h">
      <Filter>src\Ant\ImGui</Filter>
    </ClInclude>
    <ClInclude Include="src\Ant\ImGui\UICore.h">
      <Filter>src\Ant\ImGui</Filter>
    </ClInclude>
    <ClInclude Include="src\Ant\Math\Math.h">
      <Filter>src\Ant\Math</Filter>
    </ClInclude>
    <ClInclude Include="src\Ant\Physics\2D\ContactListener2D.h">
      <Filter>src\Ant\Physics\2D</Filter>
    </ClInclude>
    <ClInclude Include="src\Ant\Physics\2D\Physics2D.h">
      <Filter>src\Ant\Physics\2D</Filter>
    </ClInclude>
    <ClInclude Include="src\Ant\Physics\3D\ContactListener.h">
      <Filter>src\Ant\Physics\3D</Filter>
    </ClInclude>
    <ClInclude Include="src\Ant\Physics\3D\CookingFactory.h">
      <Filter>src\Ant\Physics\3D</Filter>
    </ClInclude>
    <ClInclude Include="src\Ant\Physics\3D\Debug\PhysXDebugger.h">
      <Filter>src\Ant\Physics\3D\Debug</Filter>
    </ClInclude>
    <ClInclude Include="src\Ant\Physics\3D\PhysXInternal.h">
      <Filter>src\Ant\Physics\3D</Filter>
    </ClInclude>
    <ClInclude Include="src\Ant\Physics\3D\PhysXUtils.h">
      <Filter>src\Ant\Physics\3D</Filter>
    </ClInclude>
    <ClInclude Include="src\Ant\Physics\3D\PhysicsActor.h">
      <Filter>src\Ant\Physics\3D</Filter>
    </ClInclude>
    <ClInclude Include="src\Ant\Physics\3D\PhysicsActorBase.h">
      <Filter>src\Ant\Physics\3D</Filter>
    </ClInclude>
    <ClInclude Include="src\Ant\Physics\3D\PhysicsController.h">
      <Filter>src\Ant\Physics\3D</Filter>
    </ClInclude>
    <ClInclude Include="src\Ant\Physics\3D\PhysicsJoints.h">
      <Filter>src\Ant\Physics\3D</Filter>
    </ClInclude>
    <ClInclude Include="src\Ant\Physics\3D\PhysicsLayer.h">
      <Filter>src\Ant\Physics\3D</Filter>
    </ClInclude>
    <ClInclude Include="src\Ant\Physics\3D\PhysicsMeshCache.h">
      <Filter>src\Ant\Physics\3D</Filter>
    </ClInclude>
    <ClInclude Include="src\Ant\Physics\3D\PhysicsScene.h">
      <Filter>src\Ant\Physics\3D</Filter>
    </ClInclude>
    <ClInclude Include="src\Ant\Physics\3D\PhysicsSettings.h">
      <Filter>src\Ant\Physics\3D</Filter>
    </ClInclude>
    <ClInclude Include="src\Ant\Physics\3D\PhysicsShapes.h">
      <Filter>src\Ant\Physics\3D</Filter>
    </ClInclude>
    <ClInclude Include="src\Ant\Physics\3D\PhysicsSystem.h">
      <Filter>src\Ant\Physics\3D</Filter>
    </ClInclude>
    <ClInclude Include="src\Ant\Physics\3D\PhysicsTypes.h">
      <Filter>src\Ant\Physics\3D</Filter>
    </ClInclude>
    <ClInclude Include="src\Ant\Platform\OpenGL\OpenGLContext.h">
      <Filter>src\Ant\Platform\OpenGL</Filter>
    </ClInclude>
    <ClInclude Include="src\Ant\Platform\OpenGL\OpenGLFramebuffer.h">
      <Filter>src\Ant\Platform\OpenGL</Filter>
    </ClInclude>
    <ClInclude Include="src\Ant\Platform\OpenGL\OpenGLImGuiLayer.h">
      <Filter>src\Ant\Platform\OpenGL</Filter>
    </ClInclude>
    <ClInclude Include="src\Ant\Platform\OpenGL\OpenGLImage.h">
      <Filter>src\Ant\Platform\OpenGL</Filter>
    </ClInclude>
    <ClInclude Include="src\Ant\Platform\OpenGL\OpenGLIndexBuffer.h">
      <Filter>src\Ant\Platform\OpenGL</Filter>
    </ClInclude>
    <ClInclude Include="src\Ant\Platform\OpenGL\OpenGLMaterial.h">
      <Filter>src\Ant\Platform\OpenGL</Filter>
    </ClInclude>
    <ClInclude Include="src\Ant\Platform\OpenGL\OpenGLPipeline.h">
      <Filter>src\Ant\Platform\OpenGL</Filter>
    </ClInclude>
    <ClInclude Include="src\Ant\Platform\OpenGL\OpenGLRenderPass.h">
      <Filter>src\Ant\Platform\OpenGL</Filter>
    </ClInclude>
    <ClInclude Include="src\Ant\Platform\OpenGL\OpenGLRenderer.h">
      <Filter>src\Ant\Platform\OpenGL</Filter>
    </ClInclude>
    <ClInclude Include="src\Ant\Platform\OpenGL\OpenGLShader.h">
      <Filter>src\Ant\Platform\OpenGL</Filter>
    </ClInclude>
    <ClInclude Include="src\Ant\Platform\OpenGL\OpenGLTexture.h">
      <Filter>src\Ant\Platform\OpenGL</Filter>
    </ClInclude>
    <ClInclude Include="src\Ant\Platform\OpenGL\OpenGLVertexBuffer.h">
      <Filter>src\Ant\Platform\OpenGL</Filter>
    </ClInclude>
    <ClInclude Include="src\Ant\Platform\Vulkan\Debug\NsightAftermathGpuCrashTracker.h">
      <Filter>src\Ant\Platform\Vulkan\Debug</Filter>
    </ClInclude>
    <ClInclude Include="src\Ant\Platform\Vulkan\Debug\NsightAftermathHelpers.h">
      <Filter>src\Ant\Platform\Vulkan\Debug</Filter>
    </ClInclude>
    <ClInclude Include="src\Ant\Platform\Vulkan\Debug\NsightAftermathShaderDatabase.h">
      <Filter>src\Ant\Platform\Vulkan\Debug</Filter>
    </ClInclude>
    <ClInclude Include="src\Ant\Platform\Vulkan\ShaderCompiler\ShaderPreprocessing\GlslIncluder.h">
      <Filter>src\Ant\Platform\Vulkan\ShaderCompiler\ShaderPreprocessing</Filter>
    </ClInclude>
    <ClInclude Include="src\Ant\Platform\Vulkan\ShaderCompiler\ShaderPreprocessing\HlslIncluder.h">
      <Filter>src\Ant\Platform\Vulkan\ShaderCompiler\ShaderPreprocessing</Filter>
    </ClInclude>
    <ClInclude Include="src\Ant\Platform\Vulkan\ShaderCompiler\ShaderPreprocessing\ShaderPreprocessor.h">
      <Filter>src\Ant\Platform\Vulkan\ShaderCompiler\ShaderPreprocessing</Filter>
    </ClInclude>
    <ClInclude Include="src\Ant\Platform\Vulkan\ShaderCompiler\VulkanShaderCache.h">
      <Filter>src\Ant\Platform\Vulkan\ShaderCompiler</Filter>
    </ClInclude>
    <ClInclude Include="src\Ant\Platform\Vulkan\ShaderCompiler\VulkanShaderCompiler.h">
      <Filter>src\Ant\Platform\Vulkan\ShaderCompiler</Filter>
    </ClInclude>
    <ClInclude Include="src\Ant\Platform\Vulkan\Vulkan.h">
      <Filter>src\Ant\Platform\Vulkan</Filter>
    </ClInclude>
    <ClInclude Include="src\Ant\Platform\Vulkan\VulkanAllocator.h">
      <Filter>src\Ant\Platform\Vulkan</Filter>
    </ClInclude>
    <ClInclude Include="src\Ant\Platform\Vulkan\VulkanComputePipeline.h">
      <Filter>src\Ant\Platform\Vulkan</Filter>
    </ClInclude>
    <ClInclude Include="src\Ant\Platform\Vulkan\VulkanContext.h">
      <Filter>src\Ant\Platform\Vulkan</Filter>
    </ClInclude>
    <ClInclude Include="src\Ant\Platform\Vulkan\VulkanDevice.h">
      <Filter>src\Ant\Platform\Vulkan</Filter>
    </ClInclude>
    <ClInclude Include="src\Ant\Platform\Vulkan\VulkanDiagnostics.h">
      <Filter>src\Ant\Platform\Vulkan</Filter>
    </ClInclude>
    <ClInclude Include="src\Ant\Platform\Vulkan\VulkanFramebuffer.h">
      <Filter>src\Ant\Platform\Vulkan</Filter>
    </ClInclude>
    <ClInclude Include="src\Ant\Platform\Vulkan\VulkanImGuiLayer.h">
      <Filter>src\Ant\Platform\Vulkan</Filter>
    </ClInclude>
    <ClInclude Include="src\Ant\Platform\Vulkan\VulkanImage.h">
      <Filter>src\Ant\Platform\Vulkan</Filter>
    </ClInclude>
    <ClInclude Include="src\Ant\Platform\Vulkan\VulkanIndexBuffer.h">
      <Filter>src\Ant\Platform\Vulkan</Filter>
    </ClInclude>
    <ClInclude Include="src\Ant\Platform\Vulkan\VulkanMaterial.h">
      <Filter>src\Ant\Platform\Vulkan</Filter>
    </ClInclude>
    <ClInclude Include="src\Ant\Platform\Vulkan\VulkanPipeline.h">
      <Filter>src\Ant\Platform\Vulkan</Filter>
    </ClInclude>
    <ClInclude Include="src\Ant\Platform\Vulkan\VulkanRenderCommandBuffer.h">
      <Filter>src\Ant\Platform\Vulkan</Filter>
    </ClInclude>
    <ClInclude Include="src\Ant\Platform\Vulkan\VulkanRenderPass.h">
      <Filter>src\Ant\Platform\Vulkan</Filter>
    </ClInclude>
    <ClInclude Include="src\Ant\Platform\Vulkan\VulkanRenderer.h">
      <Filter>src\Ant\Platform\Vulkan</Filter>
    </ClInclude>
    <ClInclude Include="src\Ant\Platform\Vulkan\VulkanShader.h">
      <Filter>src\Ant\Platform\Vulkan</Filter>
    </ClInclude>
    <ClInclude Include="src\Ant\Platform\Vulkan\VulkanShaderResource.h">
      <Filter>src\Ant\Platform\Vulkan</Filter>
    </ClInclude>
    <ClInclude Include="src\Ant\Platform\Vulkan\VulkanShaderUtils.h">
      <Filter>src\Ant\Platform\Vulkan</Filter>
    </ClInclude>
    <ClInclude Include="src\Ant\Platform\Vulkan\VulkanStorageBuffer.h">
      <Filter>src\Ant\Platform\Vulkan</Filter>
    </ClInclude>
    <ClInclude Include="src\Ant\Platform\Vulkan\VulkanStorageBufferSet.h">
      <Filter>src\Ant\Platform\Vulkan</Filter>
    </ClInclude>
    <ClInclude Include="src\Ant\Platform\Vulkan\VulkanSwapChain.h">
      <Filter>src\Ant\Platform\Vulkan</Filter>
    </ClInclude>
    <ClInclude Include="src\Ant\Platform\Vulkan\VulkanTexture.h">
      <Filter>src\Ant\Platform\Vulkan</Filter>
    </ClInclude>
    <ClInclude Include="src\Ant\Platform\Vulkan\VulkanUniformBuffer.h">
      <Filter>src\Ant\Platform\Vulkan</Filter>
    </ClInclude>
    <ClInclude Include="src\Ant\Platform\Vulkan\VulkanUniformBufferSet.h">
      <Filter>src\Ant\Platform\Vulkan</Filter>
    </ClInclude>
    <ClInclude Include="src\Ant\Platform\Vulkan\VulkanVertexBuffer.h">
      <Filter>src\Ant\Platform\Vulkan</Filter>
    </ClInclude>
    <ClInclude Include="src\Ant\Platform\Windows\WindowsWindow.h">
      <Filter>src\Ant\Platform\Windows</Filter>
    </ClInclude>
    <ClInclude Include="src\Ant\Project\Project.h">
      <Filter>src\Ant\Project</Filter>
    </ClInclude>
    <ClInclude Include="src\Ant\Project\ProjectSerializer.h">
      <Filter>src\Ant\Project</Filter>
    </ClInclude>
    <ClInclude Include="src\Ant\Project\TieringSettings.h">
      <Filter>src\Ant\Project</Filter>
    </ClInclude>
    <ClInclude Include="src\Ant\Project\UserPreferences.h">
      <Filter>src\Ant\Project</Filter>
    </ClInclude>
    <ClInclude Include="src\Ant\Reflection\MetaHelpers.h">
      <Filter>src\Ant\Reflection</Filter>
    </ClInclude>
    <ClInclude Include="src\Ant\Reflection\TypeDescriptor.h">
      <Filter>src\Ant\Reflection</Filter>
    </ClInclude>
    <ClInclude Include="src\Ant\Reflection\TypeName.h">
      <Filter>src\Ant\Reflection</Filter>
    </ClInclude>
    <ClInclude Include="src\Ant\Reflection\TypeStructures.h">
      <Filter>src\Ant\Reflection</Filter>
    </ClInclude>
    <ClInclude Include="src\Ant\Reflection\TypeUtils.h">
      <Filter>src\Ant\Reflection</Filter>
    </ClInclude>
    <ClInclude Include="src\Ant\Renderer\Camera.h">
      <Filter>src\Ant\Renderer</Filter>
    </ClInclude>
    <ClInclude Include="src\Ant\Renderer\DebugRenderer.h">
      <Filter>src\Ant\Renderer</Filter>
    </ClInclude>
    <ClInclude Include="src\Ant\Renderer\Framebuffer.h">
      <Filter>src\Ant\Renderer</Filter>
    </ClInclude>
    <ClInclude Include="src\Ant\Renderer\Image.h">
      <Filter>src\Ant\Renderer</Filter>
    </ClInclude>
    <ClInclude Include="src\Ant\Renderer\IndexBuffer.h">
      <Filter>src\Ant\Renderer</Filter>
    </ClInclude>
    <ClInclude Include="src\Ant\Renderer\Material.h">
      <Filter>src\Ant\Renderer</Filter>
    </ClInclude>
    <ClInclude Include="src\Ant\Renderer\MaterialAsset.h">
      <Filter>src\Ant\Renderer</Filter>
    </ClInclude>
    <ClInclude Include="src\Ant\Renderer\Mesh.h">
      <Filter>src\Ant\Renderer</Filter>
    </ClInclude>
    <ClInclude Include="src\Ant\Renderer\MeshFactory.h">
      <Filter>src\Ant\Renderer</Filter>
    </ClInclude>
    <ClInclude Include="src\Ant\Renderer\Pipeline.h">
      <Filter>src\Ant\Renderer</Filter>
    </ClInclude>
    <ClInclude Include="src\Ant\Renderer\PipelineCompute.h">
      <Filter>src\Ant\Renderer</Filter>
    </ClInclude>
    <ClInclude Include="src\Ant\Renderer\RenderCommandBuffer.h">
      <Filter>src\Ant\Renderer</Filter>
    </ClInclude>
    <ClInclude Include="src\Ant\Renderer\RenderCommandQueue.h">
      <Filter>src\Ant\Renderer</Filter>
    </ClInclude>
    <ClInclude Include="src\Ant\Renderer\RenderPass.h">
      <Filter>src\Ant\Renderer</Filter>
    </ClInclude>
    <ClInclude Include="src\Ant\Renderer\Renderer.h">
      <Filter>src\Ant\Renderer</Filter>
    </ClInclude>
    <ClInclude Include="src\Ant\Renderer\Renderer2D.h">
      <Filter>src\Ant\Renderer</Filter>
    </ClInclude>
    <ClInclude Include="src\Ant\Renderer\RendererAPI.h">
      <Filter>src\Ant\Renderer</Filter>
    </ClInclude>
    <ClInclude Include="src\Ant\Renderer\RendererCapabilities.h">
      <Filter>src\Ant\Renderer</Filter>
    </ClInclude>
    <ClInclude Include="src\Ant\Renderer\RendererConfig.h">
      <Filter>src\Ant\Renderer</Filter>
    </ClInclude>
    <ClInclude Include="src\Ant\Renderer\RendererContext.h">
      <Filter>src\Ant\Renderer</Filter>
    </ClInclude>
    <ClInclude Include="src\Ant\Renderer\RendererTypes.h">
      <Filter>src\Ant\Renderer</Filter>
    </ClInclude>
    <ClInclude Include="src\Ant\Renderer\SceneEnvironment.h">
      <Filter>src\Ant\Renderer</Filter>
    </ClInclude>
    <ClInclude Include="src\Ant\Renderer\SceneRenderer.h">
      <Filter>src\Ant\Renderer</Filter>
    </ClInclude>
    <ClInclude Include="src\Ant\Renderer\Shader.h">
      <Filter>src\Ant\Renderer</Filter>
    </ClInclude>
    <ClInclude Include="src\Ant\Renderer\ShaderDefs.h">
      <Filter>src\Ant\Renderer</Filter>
    </ClInclude>
    <ClInclude Include="src\Ant\Renderer\ShaderPack.h">
      <Filter>src\Ant\Renderer</Filter>
    </ClInclude>
    <ClInclude Include="src\Ant\Renderer\ShaderUniform.h">
      <Filter>src\Ant\Renderer</Filter>
    </ClInclude>
    <ClInclude Include="src\Ant\Renderer\StorageBuffer.h">
      <Filter>src\Ant\Renderer</Filter>
    </ClInclude>
    <ClInclude Include="src\Ant\Renderer\StorageBufferSet.h">
      <Filter>src\Ant\Renderer</Filter>
    </ClInclude>
    <ClInclude Include="src\Ant\Renderer\Texture.h">
      <Filter>src\Ant\Renderer</Filter>
    </ClInclude>
    <ClInclude Include="src\Ant\Renderer\UI\Font.h">
      <Filter>src\Ant\Renderer\UI</Filter>
    </ClInclude>
    <ClInclude Include="src\Ant\Renderer\UI\MSDFData.h">
      <Filter>src\Ant\Renderer\UI</Filter>
    </ClInclude>
    <ClInclude Include="src\Ant\Renderer\UniformBuffer.h">
      <Filter>src\Ant\Renderer</Filter>
    </ClInclude>
    <ClInclude Include="src\Ant\Renderer\UniformBufferSet.h">
      <Filter>src\Ant\Renderer</Filter>
    </ClInclude>
    <ClInclude Include="src\Ant\Renderer\VertexBuffer.h">
      <Filter>src\Ant\Renderer</Filter>
    </ClInclude>
    <ClInclude Include="src\Ant\Scene\Components.h">
      <Filter>src\Ant\Scene</Filter>
    </ClInclude>
    <ClInclude Include="src\Ant\Scene\Entity.h">
      <Filter>src\Ant\Scene</Filter>
    </ClInclude>
    <ClInclude Include="src\Ant\Scene\Prefab.h">
      <Filter>src\Ant\Scene</Filter>
    </ClInclude>
    <ClInclude Include="src\Ant\Scene\Scene.h">
      <Filter>src\Ant\Scene</Filter>
    </ClInclude>
    <ClInclude Include="src\Ant\Scene\SceneCamera.h">
      <Filter>src\Ant\Scene</Filter>
    </ClInclude>
    <ClInclude Include="src\Ant\Scene\SceneSerializer.h">
      <Filter>src\Ant\Scene</Filter>
    </ClInclude>
    <ClInclude Include="src\Ant\Scripts\FieldStorage.h">
      <Filter>src\Ant\Scripts</Filter>
    </ClInclude>
    <ClInclude Include="src\Ant\Scripts\GCManager.h">
      <Filter>src\Ant\Scripts</Filter>
    </ClInclude>
    <ClInclude Include="src\Ant\Scripts\ScriptAsset.h">
      <Filter>src\Ant\Scripts</Filter>
    </ClInclude>
    <ClInclude Include="src\Ant\Scripts\ScriptBuilder.h">
      <Filter>src\Ant\Scripts</Filter>
    </ClInclude>
    <ClInclude Include="src\Ant\Scripts\ScriptCache.h">
      <Filter>src\Ant\Scripts</Filter>
    </ClInclude>
    <ClInclude Include="src\Ant\Scripts\ScriptEngine.h">
      <Filter>src\Ant\Scripts</Filter>
    </ClInclude>
    <ClInclude Include="src\Ant\Scripts\ScriptGlue.h">
      <Filter>src\Ant\Scripts</Filter>
    </ClInclude>
    <ClInclude Include="src\Ant\Scripts\ScriptProfiler.h">
      <Filter>src\Ant\Scripts</Filter>
    </ClInclude>
    <ClInclude Include="src\Ant\Scripts\ScriptTypes.h">
      <Filter>src\Ant\Scripts</Filter>
    </ClInclude>
    <ClInclude Include="src\Ant\Scripts\ScriptUtils.h">
      <Filter>src\Ant\Scripts</Filter>
    </ClInclude>
    <ClInclude Include="src\Ant\Scripts\ValueWrapper.h">
      <Filter>src\Ant\Scripts</Filter>
    </ClInclude>
    <ClInclude Include="src\Ant\Serialization\AssetPack.h">
      <Filter>src\Ant\Serialization</Filter>
    </ClInclude>
    <ClInclude Include="src\Ant\Serialization\AssetPackFile.h">
      <Filter>src\Ant\Serialization</Filter>
    </ClInclude>
    <ClInclude Include="src\Ant\Serialization\AssetPackSerializer.h">
      <Filter>src\Ant\Serialization</Filter>
    </ClInclude>
    <ClInclude Include="src\Ant\Serialization\FileStream.h">
      <Filter>src\Ant\Serialization</Filter>
    </ClInclude>
    <ClInclude Include="src\Ant\Serialization\MemoryStream.h">
      <Filter>src\Ant\Serialization</Filter>
    </ClInclude>
    <ClInclude Include="src\Ant\Serialization\Serialization.h">
      <Filter>src\Ant\Serialization</Filter>
    </ClInclude>
    <ClInclude Include="src\Ant\Serialization\SerializationImpl.h">
      <Filter>src\Ant\Serialization</Filter>
    </ClInclude>
    <ClInclude Include="src\Ant\Serialization\ShaderPackFile.h">
      <Filter>src\Ant\Serialization</Filter>
    </ClInclude>
    <ClInclude Include="src\Ant\Serialization\StreamReader.h">
      <Filter>src\Ant\Serialization</Filter>
    </ClInclude>
    <ClInclude Include="src\Ant\Serialization\StreamWriter.h">
      <Filter>src\Ant\Serialization</Filter>
    </ClInclude>
    <ClInclude Include="src\Ant\Serialization\TextureRuntimeSerializer.h">
      <Filter>src\Ant\Serialization</Filter>
    </ClInclude>
    <ClInclude Include="src\Ant\Utilities\AssimpLogStream.h">
      <Filter>src\Ant\Utilities</Filter>
    </ClInclude>
    <ClInclude Include="src\Ant\Utilities\ContainerUtils.h">
      <Filter>src\Ant\Utilities</Filter>
    </ClInclude>
    <ClInclude Include="src\Ant\Utilities\FileSystem.h">
      <Filter>src\Ant\Utilities</Filter>
    </ClInclude>
    <ClInclude Include="src\Ant\Utilities\SerializationMacros.h">
      <Filter>src\Ant\Utilities</Filter>
    </ClInclude>
    <ClInclude Include="src\Ant\Utilities\StringUtils.h">
      <Filter>src\Ant\Utilities</Filter>
    </ClInclude>
    <ClInclude Include="src\Ant\Utilities\TypeInfo.h">
      <Filter>src\Ant\Utilities</Filter>
    </ClInclude>
    <ClInclude Include="src\Ant\Utilities\YAMLSerializationHelpers.h">
      <Filter>src\Ant\Utilities</Filter>
    </ClInclude>
    <ClInclude Include="src\Ant\Vendor\imgui-node-editor\widgets.h">
      <Filter>src\Ant\Vendor\imgui-node-editor</Filter>
    </ClInclude>
    <ClInclude Include="src\antpch.h">
      <Filter>src</Filter>
    </ClInclude>
    <ClInclude Include="vendor\VulkanMemoryAllocator\vk_mem_alloc.h">
      <Filter>vendor\VulkanMemoryAllocator</Filter>
    </ClInclude>
    <ClInclude Include="vendor\yaml-cpp\include\yaml-cpp\anchor.h">
      <Filter>vendor\yaml-cpp\include\yaml-cpp</Filter>
    </ClInclude>
    <ClInclude Include="vendor\yaml-cpp\include\yaml-cpp\binary.h">
      <Filter>vendor\yaml-cpp\include\yaml-cpp</Filter>
    </ClInclude>
    <ClInclude Include="vendor\yaml-cpp\include\yaml-cpp\contrib\anchordict.h">
      <Filter>vendor\yaml-cpp\include\yaml-cpp\contrib</Filter>
    </ClInclude>
    <ClInclude Include="vendor\yaml-cpp\include\yaml-cpp\contrib\graphbuilder.h">
      <Filter>vendor\yaml-cpp\include\yaml-cpp\contrib</Filter>
    </ClInclude>
    <ClInclude Include="vendor\yaml-cpp\include\yaml-cpp\depthguard.h">
      <Filter>vendor\yaml-cpp\include\yaml-cpp</Filter>
    </ClInclude>
    <ClInclude Include="vendor\yaml-cpp\include\yaml-cpp\dll.h">
      <Filter>vendor\yaml-cpp\include\yaml-cpp</Filter>
    </ClInclude>
    <ClInclude Include="vendor\yaml-cpp\include\yaml-cpp\emitfromevents.h">
      <Filter>vendor\yaml-cpp\include\yaml-cpp</Filter>
    </ClInclude>
    <ClInclude Include="vendor\yaml-cpp\include\yaml-cpp\emitter.h">
      <Filter>vendor\yaml-cpp\include\yaml-cpp</Filter>
    </ClInclude>
    <ClInclude Include="vendor\yaml-cpp\include\yaml-cpp\emitterdef.h">
      <Filter>vendor\yaml-cpp\include\yaml-cpp</Filter>
    </ClInclude>
    <ClInclude Include="vendor\yaml-cpp\include\yaml-cpp\emittermanip.h">
      <Filter>vendor\yaml-cpp\include\yaml-cpp</Filter>
    </ClInclude>
    <ClInclude Include="vendor\yaml-cpp\include\yaml-cpp\emitterstyle.h">
      <Filter>vendor\yaml-cpp\include\yaml-cpp</Filter>
    </ClInclude>
    <ClInclude Include="vendor\yaml-cpp\include\yaml-cpp\eventhandler.h">
      <Filter>vendor\yaml-cpp\include\yaml-cpp</Filter>
    </ClInclude>
    <ClInclude Include="vendor\yaml-cpp\include\yaml-cpp\exceptions.h">
      <Filter>vendor\yaml-cpp\include\yaml-cpp</Filter>
    </ClInclude>
    <ClInclude Include="vendor\yaml-cpp\include\yaml-cpp\mark.h">
      <Filter>vendor\yaml-cpp\include\yaml-cpp</Filter>
    </ClInclude>
    <ClInclude Include="vendor\yaml-cpp\include\yaml-cpp\node\convert.h">
      <Filter>vendor\yaml-cpp\include\yaml-cpp\node</Filter>
    </ClInclude>
    <ClInclude Include="vendor\yaml-cpp\include\yaml-cpp\node\detail\impl.h">
      <Filter>vendor\yaml-cpp\include\yaml-cpp\node\detail</Filter>
    </ClInclude>
    <ClInclude Include="vendor\yaml-cpp\include\yaml-cpp\node\detail\iterator.h">
      <Filter>vendor\yaml-cpp\include\yaml-cpp\node\detail</Filter>
    </ClInclude>
    <ClInclude Include="vendor\yaml-cpp\include\yaml-cpp\node\detail\iterator_fwd.h">
      <Filter>vendor\yaml-cpp\include\yaml-cpp\node\detail</Filter>
    </ClInclude>
    <ClInclude Include="vendor\yaml-cpp\include\yaml-cpp\node\detail\memory.h">
      <Filter>vendor\yaml-cpp\include\yaml-cpp\node\detail</Filter>
    </ClInclude>
    <ClInclude Include="vendor\yaml-cpp\include\yaml-cpp\node\detail\node.h">
      <Filter>vendor\yaml-cpp\include\yaml-cpp\node\detail</Filter>
    </ClInclude>
    <ClInclude Include="vendor\yaml-cpp\include\yaml-cpp\node\detail\node_data.h">
      <Filter>vendor\yaml-cpp\include\yaml-cpp\node\detail</Filter>
    </ClInclude>
    <ClInclude Include="vendor\yaml-cpp\include\yaml-cpp\node\detail\node_iterator.h">
      <Filter>vendor\yaml-cpp\include\yaml-cpp\node\detail</Filter>
    </ClInclude>
    <ClInclude Include="vendor\yaml-cpp\include\yaml-cpp\node\detail\node_ref.h">
      <Filter>vendor\yaml-cpp\include\yaml-cpp\node\detail</Filter>
    </ClInclude>
    <ClInclude Include="vendor\yaml-cpp\include\yaml-cpp\node\emit.h">
      <Filter>vendor\yaml-cpp\include\yaml-cpp\node</Filter>
    </ClInclude>
    <ClInclude Include="vendor\yaml-cpp\include\yaml-cpp\node\impl.h">
      <Filter>vendor\yaml-cpp\include\yaml-cpp\node</Filter>
    </ClInclude>
    <ClInclude Include="vendor\yaml-cpp\include\yaml-cpp\node\iterator.h">
      <Filter>vendor\yaml-cpp\include\yaml-cpp\node</Filter>
    </ClInclude>
    <ClInclude Include="vendor\yaml-cpp\include\yaml-cpp\node\node.h">
      <Filter>vendor\yaml-cpp\include\yaml-cpp\node</Filter>
    </ClInclude>
    <ClInclude Include="vendor\yaml-cpp\include\yaml-cpp\node\parse.h">
      <Filter>vendor\yaml-cpp\include\yaml-cpp\node</Filter>
    </ClInclude>
    <ClInclude Include="vendor\yaml-cpp\include\yaml-cpp\node\ptr.h">
      <Filter>vendor\yaml-cpp\include\yaml-cpp\node</Filter>
    </ClInclude>
    <ClInclude Include="vendor\yaml-cpp\include\yaml-cpp\node\type.h">
      <Filter>vendor\yaml-cpp\include\yaml-cpp\node</Filter>
    </ClInclude>
    <ClInclude Include="vendor\yaml-cpp\include\yaml-cpp\noexcept.h">
      <Filter>vendor\yaml-cpp\include\yaml-cpp</Filter>
    </ClInclude>
    <ClInclude Include="vendor\yaml-cpp\include\yaml-cpp\null.h">
      <Filter>vendor\yaml-cpp\include\yaml-cpp</Filter>
    </ClInclude>
    <ClInclude Include="vendor\yaml-cpp\include\yaml-cpp\ostream_wrapper.h">
      <Filter>vendor\yaml-cpp\include\yaml-cpp</Filter>
    </ClInclude>
    <ClInclude Include="vendor\yaml-cpp\include\yaml-cpp\parser.h">
      <Filter>vendor\yaml-cpp\include\yaml-cpp</Filter>
    </ClInclude>
    <ClInclude Include="vendor\yaml-cpp\include\yaml-cpp\stlemitter.h">
      <Filter>vendor\yaml-cpp\include\yaml-cpp</Filter>
    </ClInclude>
    <ClInclude Include="vendor\yaml-cpp\include\yaml-cpp\traits.h">
      <Filter>vendor\yaml-cpp\include\yaml-cpp</Filter>
    </ClInclude>
    <ClInclude Include="vendor\yaml-cpp\include\yaml-cpp\yaml.h">
      <Filter>vendor\yaml-cpp\include\yaml-cpp</Filter>
    </ClInclude>
    <ClInclude Include="vendor\yaml-cpp\src\collectionstack.h">
      <Filter>vendor\yaml-cpp\src</Filter>
    </ClInclude>
    <ClInclude Include="vendor\yaml-cpp\src\contrib\graphbuilderadapter.h">
      <Filter>vendor\yaml-cpp\src\contrib</Filter>
    </ClInclude>
    <ClInclude Include="vendor\yaml-cpp\src\directives.h">
      <Filter>vendor\yaml-cpp\src</Filter>
    </ClInclude>
    <ClInclude Include="vendor\yaml-cpp\src\emitterstate.h">
      <Filter>vendor\yaml-cpp\src</Filter>
    </ClInclude>
    <ClInclude Include="vendor\yaml-cpp\src\emitterutils.h">
      <Filter>vendor\yaml-cpp\src</Filter>
    </ClInclude>
    <ClInclude Include="vendor\yaml-cpp\src\exp.h">
      <Filter>vendor\yaml-cpp\src</Filter>
    </ClInclude>
    <ClInclude Include="vendor\yaml-cpp\src\indentation.h">
      <Filter>vendor\yaml-cpp\src</Filter>
    </ClInclude>
    <ClInclude Include="vendor\yaml-cpp\src\nodebuilder.h">
      <Filter>vendor\yaml-cpp\src</Filter>
    </ClInclude>
    <ClInclude Include="vendor\yaml-cpp\src\nodeevents.h">
      <Filter>vendor\yaml-cpp\src</Filter>
    </ClInclude>
    <ClInclude Include="vendor\yaml-cpp\src\ptr_vector.h">
      <Filter>vendor\yaml-cpp\src</Filter>
    </ClInclude>
    <ClInclude Include="vendor\yaml-cpp\src\regex_yaml.h">
      <Filter>vendor\yaml-cpp\src</Filter>
    </ClInclude>
    <ClInclude Include="vendor\yaml-cpp\src\regeximpl.h">
      <Filter>vendor\yaml-cpp\src</Filter>
    </ClInclude>
    <ClInclude Include="vendor\yaml-cpp\src\scanner.h">
      <Filter>vendor\yaml-cpp\src</Filter>
    </ClInclude>
    <ClInclude Include="vendor\yaml-cpp\src\scanscalar.h">
      <Filter>vendor\yaml-cpp\src</Filter>
    </ClInclude>
    <ClInclude Include="vendor\yaml-cpp\src\scantag.h">
      <Filter>vendor\yaml-cpp\src</Filter>
    </ClInclude>
    <ClInclude Include="vendor\yaml-cpp\src\setting.h">
      <Filter>vendor\yaml-cpp\src</Filter>
    </ClInclude>
    <ClInclude Include="vendor\yaml-cpp\src\singledocparser.h">
      <Filter>vendor\yaml-cpp\src</Filter>
    </ClInclude>
    <ClInclude Include="vendor\yaml-cpp\src\stream.h">
      <Filter>vendor\yaml-cpp\src</Filter>
    </ClInclude>
    <ClInclude Include="vendor\yaml-cpp\src\streamcharsource.h">
      <Filter>vendor\yaml-cpp\src</Filter>
    </ClInclude>
    <ClInclude Include="vendor\yaml-cpp\src\stringsource.h">
      <Filter>vendor\yaml-cpp\src</Filter>
    </ClInclude>
    <ClInclude Include="vendor\yaml-cpp\src\tag.h">
      <Filter>vendor\yaml-cpp\src</Filter>
    </ClInclude>
    <ClInclude Include="vendor\yaml-cpp\src\token.h">
      <Filter>vendor\yaml-cpp\src</Filter>
    </ClInclude>
  </ItemGroup>
  <ItemGroup>
    <ClCompile Include="src\Ant\Animation\Animation.cpp">
      <Filter>src\Ant\Animation</Filter>
    </ClCompile>
    <ClCompile Include="src\Ant\Animation\AnimationAssetSerializer.cpp">
      <Filter>src\Ant\Animation</Filter>
    </ClCompile>
    <ClCompile Include="src\Ant\Animation\AnimationController.cpp">
      <Filter>src\Ant\Animation</Filter>
    </ClCompile>
    <ClCompile Include="src\Ant\Animation\AnimationImporterAssimp.cpp">
      <Filter>src\Ant\Animation</Filter>
    </ClCompile>
    <ClCompile Include="src\Ant\Animation\Skeleton.cpp">
      <Filter>src\Ant\Animation</Filter>
    </ClCompile>
    <ClCompile Include="src\Ant\Asset\AssetImporter.cpp">
      <Filter>src\Ant\Asset</Filter>
    </ClCompile>
    <ClCompile Include="src\Ant\Asset\AssetManager.cpp">
      <Filter>src\Ant\Asset</Filter>
    </ClCompile>
    <ClCompile Include="src\Ant\Asset\AssetManager\EditorAssetManager.cpp">
      <Filter>src\Ant\Asset\AssetManager</Filter>
    </ClCompile>
    <ClCompile Include="src\Ant\Asset\AssetManager\RuntimeAssetManager.cpp">
      <Filter>src\Ant\Asset\AssetManager</Filter>
    </ClCompile>
    <ClCompile Include="src\Ant\Asset\AssetRegistry.cpp">
      <Filter>src\Ant\Asset</Filter>
    </ClCompile>
    <ClCompile Include="src\Ant\Asset\AssetSerializer.cpp">
      <Filter>src\Ant\Asset</Filter>
    </ClCompile>
    <ClCompile Include="src\Ant\Asset\AssimpMeshImporter.cpp">
      <Filter>src\Ant\Asset</Filter>
    </ClCompile>
    <ClCompile Include="src\Ant\Asset\GraphSerializer.cpp">
      <Filter>src\Ant\Asset</Filter>
    </ClCompile>
    <ClCompile Include="src\Ant\Asset\MeshRuntimeSerializer.cpp">
      <Filter>src\Ant\Asset</Filter>
    </ClCompile>
    <ClCompile Include="src\Ant\Asset\MeshSerializer.cpp">
      <Filter>src\Ant\Asset</Filter>
    </ClCompile>
    <ClCompile Include="src\Ant\Asset\TextureImporter.cpp">
      <Filter>src\Ant\Asset</Filter>
    </ClCompile>
    <ClCompile Include="src\Ant\Audio\Audio.cpp">
      <Filter>src\Ant\Audio</Filter>
    </ClCompile>
    <ClCompile Include="src\Ant\Audio\AudioCallback.cpp">
      <Filter>src\Ant\Audio</Filter>
    </ClCompile>
    <ClCompile Include="src\Ant\Audio\AudioComponent.cpp">
      <Filter>src\Ant\Audio</Filter>
    </ClCompile>
    <ClCompile Include="src\Ant\Audio\AudioEngine.cpp">
      <Filter>src\Ant\Audio</Filter>
    </ClCompile>
    <ClCompile Include="src\Ant\Audio\AudioEvents\AudioCommandRegistry.cpp">
      <Filter>src\Ant\Audio\AudioEvents</Filter>
    </ClCompile>
    <ClCompile Include="src\Ant\Audio\AudioEvents\CommandID.cpp">
      <Filter>src\Ant\Audio\AudioEvents</Filter>
    </ClCompile>
    <ClCompile Include="src\Ant\Audio\AudioEventsManager.cpp">
      <Filter>src\Ant\Audio</Filter>
    </ClCompile>
    <ClCompile Include="src\Ant\Audio\AudioFileUtils.cpp">
      <Filter>src\Ant\Audio</Filter>
    </ClCompile>
    <ClCompile Include="src\Ant\Audio\AudioObject.cpp">
      <Filter>src\Ant\Audio</Filter>
    </ClCompile>
    <ClCompile Include="src\Ant\Audio\AudioPlayback.cpp">
      <Filter>src\Ant\Audio</Filter>
    </ClCompile>
    <ClCompile Include="src\Ant\Audio\DSP\Components\allpass.cpp">
      <Filter>src\Ant\Audio\DSP\Components</Filter>
    </ClCompile>
    <ClCompile Include="src\Ant\Audio\DSP\Components\comb.cpp">
      <Filter>src\Ant\Audio\DSP\Components</Filter>
    </ClCompile>
    <ClCompile Include="src\Ant\Audio\DSP\Components\revmodel.cpp">
      <Filter>src\Ant\Audio\DSP\Components</Filter>
    </ClCompile>
    <ClCompile Include="src\Ant\Audio\DSP\Filters\FilterHighPass.cpp">
      <Filter>src\Ant\Audio\DSP\Filters</Filter>
    </ClCompile>
    <ClCompile Include="src\Ant\Audio\DSP\Filters\FilterLowPass.cpp">
      <Filter>src\Ant\Audio\DSP\Filters</Filter>
    </ClCompile>
    <ClCompile Include="src\Ant\Audio\DSP\Reverb\Reverb.cpp">
      <Filter>src\Ant\Audio\DSP\Reverb</Filter>
    </ClCompile>
    <ClCompile Include="src\Ant\Audio\DSP\Spatializer\Spatializer.cpp">
      <Filter>src\Ant\Audio\DSP\Spatializer</Filter>
    </ClCompile>
    <ClCompile Include="src\Ant\Audio\DSP\Spatializer\VBAP.cpp">
      <Filter>src\Ant\Audio\DSP\Spatializer</Filter>
    </ClCompile>
    <ClCompile Include="src\Ant\Audio\Editor\AudioEventsEditor.cpp">
      <Filter>src\Ant\Audio\Editor</Filter>
    </ClCompile>
    <ClCompile Include="src\Ant\Audio\Editor\OrderedVector.cpp">
      <Filter>src\Ant\Audio\Editor</Filter>
    </ClCompile>
    <ClCompile Include="src\Ant\Audio\EntityIDMaps.cpp">
      <Filter>src\Ant\Audio</Filter>
    </ClCompile>
    <ClCompile Include="src\Ant\Audio\ResourceManager.cpp">
      <Filter>src\Ant\Audio</Filter>
    </ClCompile>
    <ClCompile Include="src\Ant\Audio\Sound.cpp">
      <Filter>src\Ant\Audio</Filter>
    </ClCompile>
    <ClCompile Include="src\Ant\Audio\SoundBank.cpp">
      <Filter>src\Ant\Audio</Filter>
    </ClCompile>
    <ClCompile Include="src\Ant\Audio\SoundGraph\GraphGeneration.cpp">
      <Filter>src\Ant\Audio\SoundGraph</Filter>
    </ClCompile>
    <ClCompile Include="src\Ant\Audio\SoundGraph\Nodes\NodeDescriptors.cpp">
      <Filter>src\Ant\Audio\SoundGraph\Nodes</Filter>
    </ClCompile>
    <ClCompile Include="src\Ant\Audio\SoundGraph\Nodes\NodeTypes.cpp">
      <Filter>src\Ant\Audio\SoundGraph\Nodes</Filter>
    </ClCompile>
    <ClCompile Include="src\Ant\Audio\SoundGraph\SoundGraph.cpp">
      <Filter>src\Ant\Audio\SoundGraph</Filter>
    </ClCompile>
    <ClCompile Include="src\Ant\Audio\SoundGraph\SoundGraphFactory.cpp">
      <Filter>src\Ant\Audio\SoundGraph</Filter>
    </ClCompile>
    <ClCompile Include="src\Ant\Audio\SoundGraph\SoundGraphPatchPreset.cpp">
      <Filter>src\Ant\Audio\SoundGraph</Filter>
    </ClCompile>
    <ClCompile Include="src\Ant\Audio\SoundGraph\SoundGraphPrototype.cpp">
      <Filter>src\Ant\Audio\SoundGraph</Filter>
    </ClCompile>
    <ClCompile Include="src\Ant\Audio\SoundGraph\SoundGraphSound.cpp">
      <Filter>src\Ant\Audio\SoundGraph</Filter>
    </ClCompile>
    <ClCompile Include="src\Ant\Audio\SoundGraph\SoundGraphSource.cpp">
      <Filter>src\Ant\Audio\SoundGraph</Filter>
    </ClCompile>
    <ClCompile Include="src\Ant\Audio\SoundGraph\Utils\SoundGraphCache.cpp">
      <Filter>src\Ant\Audio\SoundGraph\Utils</Filter>
    </ClCompile>
    <ClCompile Include="src\Ant\Audio\SoundObject.cpp">
      <Filter>src\Ant\Audio</Filter>
    </ClCompile>
    <ClCompile Include="src\Ant\Audio\SourceManager.cpp">
      <Filter>src\Ant\Audio</Filter>
    </ClCompile>
    <ClCompile Include="src\Ant\Audio\VFS.cpp">
      <Filter>src\Ant\Audio</Filter>
    </ClCompile>
    <ClCompile Include="src\Ant\Core\Application.cpp">
      <Filter>src\Ant\Core</Filter>
    </ClCompile>
    <ClCompile Include="src\Ant\Core\Base.cpp">
      <Filter>src\Ant\Core</Filter>
    </ClCompile>
    <ClCompile Include="src\Ant\Core\Hash.cpp">
      <Filter>src\Ant\Core</Filter>
    </ClCompile>
    <ClCompile Include="src\Ant\Core\HashCRC32.cpp">
      <Filter>src\Ant\Core</Filter>
    </ClCompile>
    <ClCompile Include="src\Ant\Core\Layer.cpp">
      <Filter>src\Ant\Core</Filter>
    </ClCompile>
    <ClCompile Include="src\Ant\Core\LayerStack.cpp">
      <Filter>src\Ant\Core</Filter>
    </ClCompile>
    <ClCompile Include="src\Ant\Core\Log.cpp">
      <Filter>src\Ant\Core</Filter>
    </ClCompile>
    <ClCompile Include="src\Ant\Core\Math\Mat4.cpp">
      <Filter>src\Ant\Core\Math</Filter>
    </ClCompile>
    <ClCompile Include="src\Ant\Core\Math\Noise.cpp">
      <Filter>src\Ant\Core\Math</Filter>
    </ClCompile>
    <ClCompile Include="src\Ant\Core\Memory.cpp">
      <Filter>src\Ant\Core</Filter>
    </ClCompile>
    <ClCompile Include="src\Ant\Core\Platform.cpp">
      <Filter>src\Ant\Core</Filter>
    </ClCompile>
    <ClCompile Include="src\Ant\Core\Ref.cpp">
      <Filter>src\Ant\Core</Filter>
    </ClCompile>
    <ClCompile Include="src\Ant\Core\RenderThread.cpp">
      <Filter>src\Ant\Core</Filter>
    </ClCompile>
    <ClCompile Include="src\Ant\Core\TimeStep.cpp">
      <Filter>src\Ant\Core</Filter>
    </ClCompile>
    <ClCompile Include="src\Ant\Core\UUID.cpp">
      <Filter>src\Ant\Core</Filter>
    </ClCompile>
    <ClCompile Include="src\Ant\Core\Window.cpp">
      <Filter>src\Ant\Core</Filter>
    </ClCompile>
    <ClCompile Include="src\Ant\Editor\ApplicationSettings.cpp">
      <Filter>src\Ant\Editor</Filter>
    </ClCompile>
    <ClCompile Include="src\Ant\Editor\AssetEditorPanel.cpp">
      <Filter>src\Ant\Editor</Filter>
    </ClCompile>
    <ClCompile Include="src\Ant\Editor\AssetEditorPanelInterface.cpp">
      <Filter>src\Ant\Editor</Filter>
    </ClCompile>
    <ClCompile Include="src\Ant\Editor\DefaultAssetEditors.cpp">
      <Filter>src\Ant\Editor</Filter>
    </ClCompile>
    <ClCompile Include="src\Ant\Editor\ECSDebugPanel.cpp">
      <Filter>src\Ant\Editor</Filter>
    </ClCompile>
    <ClCompile Include="src\Ant\Editor\EditorCamera.cpp">
      <Filter>src\Ant\Editor</Filter>
    </ClCompile>
    <ClCompile Include="src\Ant\Editor\EditorConsolePanel.cpp">
      <Filter>src\Ant\Editor</Filter>
    </ClCompile>
    <ClCompile Include="src\Ant\Editor\MeshColliderEditor.cpp">
      <Filter>src\Ant\Editor</Filter>
    </ClCompile>
    <ClCompile Include="src\Ant\Editor\MeshViewerPanel.cpp">
      <Filter>src\Ant\Editor</Filter>
    </ClCompile>
    <ClCompile Include="src\Ant\Editor\NodeGraphEditor\NodeEditorModel.cpp">
      <Filter>src\Ant\Editor\NodeGraphEditor</Filter>
    </ClCompile>
    <ClCompile Include="src\Ant\Editor\NodeGraphEditor\NodeGraphEditor.cpp">
      <Filter>src\Ant\Editor\NodeGraphEditor</Filter>
    </ClCompile>
    <ClCompile Include="src\Ant\Editor\NodeGraphEditor\Nodes.cpp">
      <Filter>src\Ant\Editor\NodeGraphEditor</Filter>
    </ClCompile>
    <ClCompile Include="src\Ant\Editor\NodeGraphEditor\PropertySet.cpp">
      <Filter>src\Ant\Editor\NodeGraphEditor</Filter>
    </ClCompile>
    <ClCompile Include="src\Ant\Editor\NodeGraphEditor\SoundGraph\SoundGraphGraphEditor.cpp">
      <Filter>src\Ant\Editor\NodeGraphEditor\SoundGraph</Filter>
    </ClCompile>
    <ClCompile Include="src\Ant\Editor\NodeGraphEditor\SoundGraph\SoundGraphNodeEditorModel.cpp">
      <Filter>src\Ant\Editor\NodeGraphEditor\SoundGraph</Filter>
    </ClCompile>
    <ClCompile Include="src\Ant\Editor\NodeGraphEditor\SoundGraph\SoundGraphNodes.cpp">
      <Filter>src\Ant\Editor\NodeGraphEditor\SoundGraph</Filter>
    </ClCompile>
    <ClCompile Include="src\Ant\Editor\PanelManager.cpp">
      <Filter>src\Ant\Editor</Filter>
    </ClCompile>
    <ClCompile Include="src\Ant\Editor\SceneHierarchyPanel.cpp">
      <Filter>src\Ant\Editor</Filter>
    </ClCompile>
    <ClCompile Include="src\Ant\Editor\ScriptEngineDebugPanel.cpp">
      <Filter>src\Ant\Editor</Filter>
    </ClCompile>
    <ClCompile Include="src\Ant\Editor\SelectionManager.cpp">
      <Filter>src\Ant\Editor</Filter>
    </ClCompile>
    <ClCompile Include="src\Ant\ImGui\Colours.cpp">
      <Filter>src\Ant\ImGui</Filter>
    </ClCompile>
    <ClCompile Include="src\Ant\ImGui\CustomTreeNode.cpp">
      <Filter>src\Ant\ImGui</Filter>
    </ClCompile>
    <ClCompile Include="src\Ant\ImGui\ImGuiBuild.cpp">
      <Filter>src\Ant\ImGui</Filter>
    </ClCompile>
    <ClCompile Include="src\Ant\ImGui\ImGuiFonts.cpp">
      <Filter>src\Ant\ImGui</Filter>
    </ClCompile>
    <ClCompile Include="src\Ant\ImGui\ImGuiLayer.cpp">
      <Filter>src\Ant\ImGui</Filter>
    </ClCompile>
    <ClCompile Include="src\Ant\ImGui\ImGuiUtilities.cpp">
      <Filter>src\Ant\ImGui</Filter>
    </ClCompile>
    <ClCompile Include="src\Ant\ImGui\ImGuiWidgets.cpp">
      <Filter>src\Ant\ImGui</Filter>
    </ClCompile>
    <ClCompile Include="src\Ant\ImGui\ImGuizmo.cpp">
      <Filter>src\Ant\ImGui</Filter>
    </ClCompile>
    <ClCompile Include="src\Ant\ImGui\UICore.cpp">
      <Filter>src\Ant\ImGui</Filter>
    </ClCompile>
    <ClCompile Include="src\Ant\ImGui\VulkanImGui.cpp">
      <Filter>src\Ant\ImGui</Filter>
    </ClCompile>
    <ClCompile Include="src\Ant\Math\Math.cpp">
      <Filter>src\Ant\Math</Filter>
    </ClCompile>
    <ClCompile Include="src\Ant\Physics\2D\ContactListener2D.cpp">
      <Filter>src\Ant\Physics\2D</Filter>
    </ClCompile>
    <ClCompile Include="src\Ant\Physics\2D\Physics2D.cpp">
      <Filter>src\Ant\Physics\2D</Filter>
    </ClCompile>
    <ClCompile Include="src\Ant\Physics\3D\ContactListener.cpp">
      <Filter>src\Ant\Physics\3D</Filter>
    </ClCompile>
    <ClCompile Include="src\Ant\Physics\3D\CookingFactory.cpp">
      <Filter>src\Ant\Physics\3D</Filter>
    </ClCompile>
    <ClCompile Include="src\Ant\Physics\3D\Debug\PhysXDebugger.cpp">
      <Filter>src\Ant\Physics\3D\Debug</Filter>
    </ClCompile>
    <ClCompile Include="src\Ant\Physics\3D\PhysXInternal.cpp">
      <Filter>src\Ant\Physics\3D</Filter>
    </ClCompile>
    <ClCompile Include="src\Ant\Physics\3D\PhysXUtils.cpp">
      <Filter>src\Ant\Physics\3D</Filter>
    </ClCompile>
    <ClCompile Include="src\Ant\Physics\3D\PhysicsActor.cpp">
      <Filter>src\Ant\Physics\3D</Filter>
    </ClCompile>
    <ClCompile Include="src\Ant\Physics\3D\PhysicsController.cpp">
      <Filter>src\Ant\Physics\3D</Filter>
    </ClCompile>
    <ClCompile Include="src\Ant\Physics\3D\PhysicsJoints.cpp">
      <Filter>src\Ant\Physics\3D</Filter>
    </ClCompile>
    <ClCompile Include="src\Ant\Physics\3D\PhysicsLayer.cpp">
      <Filter>src\Ant\Physics\3D</Filter>
    </ClCompile>
    <ClCompile Include="src\Ant\Physics\3D\PhysicsMeshCache.cpp">
      <Filter>src\Ant\Physics\3D</Filter>
    </ClCompile>
    <ClCompile Include="src\Ant\Physics\3D\PhysicsScene.cpp">
      <Filter>src\Ant\Physics\3D</Filter>
    </ClCompile>
    <ClCompile Include="src\Ant\Physics\3D\PhysicsShapes.cpp">
      <Filter>src\Ant\Physics\3D</Filter>
    </ClCompile>
    <ClCompile Include="src\Ant\Physics\3D\PhysicsSystem.cpp">
      <Filter>src\Ant\Physics\3D</Filter>
    </ClCompile>
    <ClCompile Include="src\Ant\Platform\OpenGL\OpenGLContext.cpp">
      <Filter>src\Ant\Platform\OpenGL</Filter>
    </ClCompile>
    <ClCompile Include="src\Ant\Platform\OpenGL\OpenGLFramebuffer.cpp">
      <Filter>src\Ant\Platform\OpenGL</Filter>
    </ClCompile>
    <ClCompile Include="src\Ant\Platform\OpenGL\OpenGLImGuiLayer.cpp">
      <Filter>src\Ant\Platform\OpenGL</Filter>
    </ClCompile>
    <ClCompile Include="src\Ant\Platform\OpenGL\OpenGLImage.cpp">
      <Filter>src\Ant\Platform\OpenGL</Filter>
    </ClCompile>
    <ClCompile Include="src\Ant\Platform\OpenGL\OpenGLIndexBuffer.cpp">
      <Filter>src\Ant\Platform\OpenGL</Filter>
    </ClCompile>
    <ClCompile Include="src\Ant\Platform\OpenGL\OpenGLMaterial.cpp">
      <Filter>src\Ant\Platform\OpenGL</Filter>
    </ClCompile>
    <ClCompile Include="src\Ant\Platform\OpenGL\OpenGLPipeline.cpp">
      <Filter>src\Ant\Platform\OpenGL</Filter>
    </ClCompile>
    <ClCompile Include="src\Ant\Platform\OpenGL\OpenGLRenderPass.cpp">
      <Filter>src\Ant\Platform\OpenGL</Filter>
    </ClCompile>
    <ClCompile Include="src\Ant\Platform\OpenGL\OpenGLRenderer.cpp">
      <Filter>src\Ant\Platform\OpenGL</Filter>
    </ClCompile>
    <ClCompile Include="src\Ant\Platform\OpenGL\OpenGLShader.cpp">
      <Filter>src\Ant\Platform\OpenGL</Filter>
    </ClCompile>
    <ClCompile Include="src\Ant\Platform\OpenGL\OpenGLTexture.cpp">
      <Filter>src\Ant\Platform\OpenGL</Filter>
    </ClCompile>
    <ClCompile Include="src\Ant\Platform\OpenGL\OpenGLVertexBuffer.cpp">
      <Filter>src\Ant\Platform\OpenGL</Filter>
    </ClCompile>
    <ClCompile Include="src\Ant\Platform\Vulkan\Debug\NsightAftermathGpuCrashTracker.cpp">
      <Filter>src\Ant\Platform\Vulkan\Debug</Filter>
    </ClCompile>
    <ClCompile Include="src\Ant\Platform\Vulkan\Debug\NsightAftermathShaderDatabase.cpp">
      <Filter>src\Ant\Platform\Vulkan\Debug</Filter>
    </ClCompile>
    <ClCompile Include="src\Ant\Platform\Vulkan\ShaderCompiler\ShaderPreprocessing\GlslIncluder.cpp">
      <Filter>src\Ant\Platform\Vulkan\ShaderCompiler\ShaderPreprocessing</Filter>
    </ClCompile>
    <ClCompile Include="src\Ant\Platform\Vulkan\ShaderCompiler\ShaderPreprocessing\HlslIncluder.cpp">
      <Filter>src\Ant\Platform\Vulkan\ShaderCompiler\ShaderPreprocessing</Filter>
    </ClCompile>
    <ClCompile Include="src\Ant\Platform\Vulkan\ShaderCompiler\ShaderPreprocessing\ShaderPreprocessor.cpp">
      <Filter>src\Ant\Platform\Vulkan\ShaderCompiler\ShaderPreprocessing</Filter>
    </ClCompile>
    <ClCompile Include="src\Ant\Platform\Vulkan\ShaderCompiler\VulkanShaderCache.cpp">
      <Filter>src\Ant\Platform\Vulkan\ShaderCompiler</Filter>
    </ClCompile>
    <ClCompile Include="src\Ant\Platform\Vulkan\ShaderCompiler\VulkanShaderCompiler.cpp">
      <Filter>src\Ant\Platform\Vulkan\ShaderCompiler</Filter>
    </ClCompile>
    <ClCompile Include="src\Ant\Platform\Vulkan\Vulkan.cpp">
      <Filter>src\Ant\Platform\Vulkan</Filter>
    </ClCompile>
    <ClCompile Include="src\Ant\Platform\Vulkan\VulkanAllocator.cpp">
      <Filter>src\Ant\Platform\Vulkan</Filter>
    </ClCompile>
    <ClCompile Include="src\Ant\Platform\Vulkan\VulkanComputePipeline.cpp">
      <Filter>src\Ant\Platform\Vulkan</Filter>
    </ClCompile>
    <ClCompile Include="src\Ant\Platform\Vulkan\VulkanContext.cpp">
      <Filter>src\Ant\Platform\Vulkan</Filter>
    </ClCompile>
    <ClCompile Include="src\Ant\Platform\Vulkan\VulkanDevice.cpp">
      <Filter>src\Ant\Platform\Vulkan</Filter>
    </ClCompile>
    <ClCompile Include="src\Ant\Platform\Vulkan\VulkanDiagnostics.cpp">
      <Filter>src\Ant\Platform\Vulkan</Filter>
    </ClCompile>
    <ClCompile Include="src\Ant\Platform\Vulkan\VulkanFramebuffer.cpp">
      <Filter>src\Ant\Platform\Vulkan</Filter>
    </ClCompile>
    <ClCompile Include="src\Ant\Platform\Vulkan\VulkanImGuiLayer.cpp">
      <Filter>src\Ant\Platform\Vulkan</Filter>
    </ClCompile>
    <ClCompile Include="src\Ant\Platform\Vulkan\VulkanImage.cpp">
      <Filter>src\Ant\Platform\Vulkan</Filter>
    </ClCompile>
    <ClCompile Include="src\Ant\Platform\Vulkan\VulkanIndexBuffer.cpp">
      <Filter>src\Ant\Platform\Vulkan</Filter>
    </ClCompile>
    <ClCompile Include="src\Ant\Platform\Vulkan\VulkanMaterial.cpp">
      <Filter>src\Ant\Platform\Vulkan</Filter>
    </ClCompile>
    <ClCompile Include="src\Ant\Platform\Vulkan\VulkanPipeline.cpp">
      <Filter>src\Ant\Platform\Vulkan</Filter>
    </ClCompile>
    <ClCompile Include="src\Ant\Platform\Vulkan\VulkanRenderCommandBuffer.cpp">
      <Filter>src\Ant\Platform\Vulkan</Filter>
    </ClCompile>
    <ClCompile Include="src\Ant\Platform\Vulkan\VulkanRenderPass.cpp">
      <Filter>src\Ant\Platform\Vulkan</Filter>
    </ClCompile>
    <ClCompile Include="src\Ant\Platform\Vulkan\VulkanRenderer.cpp">
      <Filter>src\Ant\Platform\Vulkan</Filter>
    </ClCompile>
    <ClCompile Include="src\Ant\Platform\Vulkan\VulkanShader.cpp">
      <Filter>src\Ant\Platform\Vulkan</Filter>
    </ClCompile>
    <ClCompile Include="src\Ant\Platform\Vulkan\VulkanShaderUtils.cpp">
      <Filter>src\Ant\Platform\Vulkan</Filter>
    </ClCompile>
    <ClCompile Include="src\Ant\Platform\Vulkan\VulkanStorageBuffer.cpp">
      <Filter>src\Ant\Platform\Vulkan</Filter>
    </ClCompile>
    <ClCompile Include="src\Ant\Platform\Vulkan\VulkanSwapChain.cpp">
      <Filter>src\Ant\Platform\Vulkan</Filter>
    </ClCompile>
    <ClCompile Include="src\Ant\Platform\Vulkan\VulkanTexture.cpp">
      <Filter>src\Ant\Platform\Vulkan</Filter>
    </ClCompile>
    <ClCompile Include="src\Ant\Platform\Vulkan\VulkanUniformBuffer.cpp">
      <Filter>src\Ant\Platform\Vulkan</Filter>
    </ClCompile>
    <ClCompile Include="src\Ant\Platform\Vulkan\VulkanVertexBuffer.cpp">
      <Filter>src\Ant\Platform\Vulkan</Filter>
    </ClCompile>
    <ClCompile Include="src\Ant\Platform\Windows\WindowsFileSystem.cpp">
      <Filter>src\Ant\Platform\Windows</Filter>
    </ClCompile>
    <ClCompile Include="src\Ant\Platform\Windows\WindowsInput.cpp">
      <Filter>src\Ant\Platform\Windows</Filter>
    </ClCompile>
    <ClCompile Include="src\Ant\Platform\Windows\WindowsScriptBuilder.cpp">
      <Filter>src\Ant\Platform\Windows</Filter>
    </ClCompile>
    <ClCompile Include="src\Ant\Platform\Windows\WindowsWindow.cpp">
      <Filter>src\Ant\Platform\Windows</Filter>
    </ClCompile>
    <ClCompile Include="src\Ant\Project\Project.cpp">
      <Filter>src\Ant\Project</Filter>
    </ClCompile>
    <ClCompile Include="src\Ant\Project\ProjectSerializer.cpp">
      <Filter>src\Ant\Project</Filter>
    </ClCompile>
    <ClCompile Include="src\Ant\Project\TieringSettings.cpp">
      <Filter>src\Ant\Project</Filter>
    </ClCompile>
    <ClCompile Include="src\Ant\Project\UserPreferences.cpp">
      <Filter>src\Ant\Project</Filter>
    </ClCompile>
    <ClCompile Include="src\Ant\Renderer\Camera.cpp">
      <Filter>src\Ant\Renderer</Filter>
    </ClCompile>
    <ClCompile Include="src\Ant\Renderer\DebugRenderer.cpp">
      <Filter>src\Ant\Renderer</Filter>
    </ClCompile>
    <ClCompile Include="src\Ant\Renderer\Framebuffer.cpp">
      <Filter>src\Ant\Renderer</Filter>
    </ClCompile>
    <ClCompile Include="src\Ant\Renderer\Image.cpp">
      <Filter>src\Ant\Renderer</Filter>
    </ClCompile>
    <ClCompile Include="src\Ant\Renderer\IndexBuffer.cpp">
      <Filter>src\Ant\Renderer</Filter>
    </ClCompile>
    <ClCompile Include="src\Ant\Renderer\Material.cpp">
      <Filter>src\Ant\Renderer</Filter>
    </ClCompile>
    <ClCompile Include="src\Ant\Renderer\MaterialAsset.cpp">
      <Filter>src\Ant\Renderer</Filter>
    </ClCompile>
    <ClCompile Include="src\Ant\Renderer\Mesh.cpp">
      <Filter>src\Ant\Renderer</Filter>
    </ClCompile>
    <ClCompile Include="src\Ant\Renderer\MeshFactory.cpp">
      <Filter>src\Ant\Renderer</Filter>
    </ClCompile>
    <ClCompile Include="src\Ant\Renderer\Pipeline.cpp">
      <Filter>src\Ant\Renderer</Filter>
    </ClCompile>
    <ClCompile Include="src\Ant\Renderer\PipelineCompute.cpp">
      <Filter>src\Ant\Renderer</Filter>
    </ClCompile>
    <ClCompile Include="src\Ant\Renderer\RenderCommandBuffer.cpp">
      <Filter>src\Ant\Renderer</Filter>
    </ClCompile>
    <ClCompile Include="src\Ant\Renderer\RenderCommandQueue.cpp">
      <Filter>src\Ant\Renderer</Filter>
    </ClCompile>
    <ClCompile Include="src\Ant\Renderer\RenderPass.cpp">
      <Filter>src\Ant\Renderer</Filter>
    </ClCompile>
    <ClCompile Include="src\Ant\Renderer\Renderer.cpp">
      <Filter>src\Ant\Renderer</Filter>
    </ClCompile>
    <ClCompile Include="src\Ant\Renderer\Renderer2D.cpp">
      <Filter>src\Ant\Renderer</Filter>
    </ClCompile>
    <ClCompile Include="src\Ant\Renderer\RendererContext.cpp">
      <Filter>src\Ant\Renderer</Filter>
    </ClCompile>
    <ClCompile Include="src\Ant\Renderer\SceneEnvironment.cpp">
      <Filter>src\Ant\Renderer</Filter>
    </ClCompile>
    <ClCompile Include="src\Ant\Renderer\SceneRenderer.cpp">
      <Filter>src\Ant\Renderer</Filter>
    </ClCompile>
    <ClCompile Include="src\Ant\Renderer\Shader.cpp">
      <Filter>src\Ant\Renderer</Filter>
    </ClCompile>
    <ClCompile Include="src\Ant\Renderer\ShaderPack.cpp">
      <Filter>src\Ant\Renderer</Filter>
    </ClCompile>
    <ClCompile Include="src\Ant\Renderer\StorageBuffer.cpp">
      <Filter>src\Ant\Renderer</Filter>
    </ClCompile>
    <ClCompile Include="src\Ant\Renderer\StorageBufferSet.cpp">
      <Filter>src\Ant\Renderer</Filter>
    </ClCompile>
    <ClCompile Include="src\Ant\Renderer\Texture.cpp">
      <Filter>src\Ant\Renderer</Filter>
    </ClCompile>
    <ClCompile Include="src\Ant\Renderer\UI\Font.cpp">
      <Filter>src\Ant\Renderer\UI</Filter>
    </ClCompile>
    <ClCompile Include="src\Ant\Renderer\UniformBuffer.cpp">
      <Filter>src\Ant\Renderer</Filter>
    </ClCompile>
    <ClCompile Include="src\Ant\Renderer\UniformBufferSet.cpp">
      <Filter>src\Ant\Renderer</Filter>
    </ClCompile>
    <ClCompile Include="src\Ant\Renderer\VertexBuffer.cpp">
      <Filter>src\Ant\Renderer</Filter>
    </ClCompile>
    <ClCompile Include="src\Ant\Scene\Entity.cpp">
      <Filter>src\Ant\Scene</Filter>
    </ClCompile>
    <ClCompile Include="src\Ant\Scene\Prefab.cpp">
      <Filter>src\Ant\Scene</Filter>
    </ClCompile>
    <ClCompile Include="src\Ant\Scene\Scene.cpp">
      <Filter>src\Ant\Scene</Filter>
    </ClCompile>
    <ClCompile Include="src\Ant\Scene\SceneCamera.cpp">
      <Filter>src\Ant\Scene</Filter>
    </ClCompile>
    <ClCompile Include="src\Ant\Scene\SceneSerializer.cpp">
      <Filter>src\Ant\Scene</Filter>
    </ClCompile>
    <ClCompile Include="src\Ant\Scripts\FieldStorage.cpp">
      <Filter>src\Ant\Scripts</Filter>
    </ClCompile>
    <ClCompile Include="src\Ant\Scripts\GCManager.cpp">
      <Filter>src\Ant\Scripts</Filter>
    </ClCompile>
    <ClCompile Include="src\Ant\Scripts\ScriptCache.cpp">
      <Filter>src\Ant\Scripts</Filter>
    </ClCompile>
    <ClCompile Include="src\Ant\Scripts\ScriptEngine.cpp">
      <Filter>src\Ant\Scripts</Filter>
    </ClCompile>
    <ClCompile Include="src\Ant\Scripts\ScriptGlue.cpp">
      <Filter>src\Ant\Scripts</Filter>
    </ClCompile>
    <ClCompile Include="src\Ant\Scripts\ScriptProfiler.cpp">
      <Filter>src\Ant\Scripts</Filter>
    </ClCompile>
    <ClCompile Include="src\Ant\Scripts\ScriptTypes.cpp">
      <Filter>src\Ant\Scripts</Filter>
    </ClCompile>
    <ClCompile Include="src\Ant\Scripts\ScriptUtils.cpp">
      <Filter>src\Ant\Scripts</Filter>
    </ClCompile>
    <ClCompile Include="src\Ant\Serialization\AssetPack.cpp">
      <Filter>src\Ant\Serialization</Filter>
    </ClCompile>
    <ClCompile Include="src\Ant\Serialization\AssetPackSerializer.cpp">
      <Filter>src\Ant\Serialization</Filter>
    </ClCompile>
    <ClCompile Include="src\Ant\Serialization\FileStream.cpp">
      <Filter>src\Ant\Serialization</Filter>
    </ClCompile>
    <ClCompile Include="src\Ant\Serialization\MemoryStream.cpp">
      <Filter>src\Ant\Serialization</Filter>
    </ClCompile>
    <ClCompile Include="src\Ant\Serialization\StreamReader.cpp">
      <Filter>src\Ant\Serialization</Filter>
    </ClCompile>
    <ClCompile Include="src\Ant\Serialization\StreamWriter.cpp">
      <Filter>src\Ant\Serialization</Filter>
    </ClCompile>
    <ClCompile Include="src\Ant\Serialization\TextureRuntimeSerializer.cpp">
      <Filter>src\Ant\Serialization</Filter>
    </ClCompile>
    <ClCompile Include="src\Ant\Utilities\FileSystem.cpp">
      <Filter>src\Ant\Utilities</Filter>
    </ClCompile>
    <ClCompile Include="src\Ant\Utilities\StringUtils.cpp">
      <Filter>src\Ant\Utilities</Filter>
    </ClCompile>
    <ClCompile Include="src\Ant\Vendor\imgui-node-editor\builders.cpp">
      <Filter>src\Ant\Vendor\imgui-node-editor</Filter>
    </ClCompile>
    <ClCompile Include="src\Ant\Vendor\imgui-node-editor\crude_json.cpp">
      <Filter>src\Ant\Vendor\imgui-node-editor</Filter>
    </ClCompile>
    <ClCompile Include="src\Ant\Vendor\imgui-node-editor\imgui_canvas.cpp">
      <Filter>src\Ant\Vendor\imgui-node-editor</Filter>
    </ClCompile>
    <ClCompile Include="src\Ant\Vendor\imgui-node-editor\imgui_node_editor.cpp">
      <Filter>src\Ant\Vendor\imgui-node-editor</Filter>
    </ClCompile>
    <ClCompile Include="src\Ant\Vendor\imgui-node-editor\imgui_node_editor_api.cpp">
      <Filter>src\Ant\Vendor\imgui-node-editor</Filter>
    </ClCompile>
    <ClCompile Include="src\Ant\Vendor\imgui-node-editor\widgets.cpp">
      <Filter>src\Ant\Vendor\imgui-node-editor</Filter>
    </ClCompile>
    <ClCompile Include="src\Ant\Vendor\miniaudio.cpp">
      <Filter>src\Ant\Vendor</Filter>
    </ClCompile>
    <ClCompile Include="src\Ant\Vendor\stb_image.cpp">
      <Filter>src\Ant\Vendor</Filter>
    </ClCompile>
    <ClCompile Include="src\antpch.cpp">
      <Filter>src</Filter>
    </ClCompile>
    <ClCompile Include="vendor\FastNoise\FastNoise.cpp">
      <Filter>vendor\FastNoise</Filter>
    </ClCompile>
    <ClCompile Include="vendor\VulkanMemoryAllocator\vk_mem_alloc.cpp">
      <Filter>vendor\VulkanMemoryAllocator</Filter>
    </ClCompile>
    <ClCompile Include="vendor\yaml-cpp\src\binary.cpp">
      <Filter>vendor\yaml-cpp\src</Filter>
    </ClCompile>
    <ClCompile Include="vendor\yaml-cpp\src\contrib\graphbuilder.cpp">
      <Filter>vendor\yaml-cpp\src\contrib</Filter>
    </ClCompile>
    <ClCompile Include="vendor\yaml-cpp\src\contrib\graphbuilderadapter.cpp">
      <Filter>vendor\yaml-cpp\src\contrib</Filter>
    </ClCompile>
    <ClCompile Include="vendor\yaml-cpp\src\convert.cpp">
      <Filter>vendor\yaml-cpp\src</Filter>
    </ClCompile>
    <ClCompile Include="vendor\yaml-cpp\src\depthguard.cpp">
      <Filter>vendor\yaml-cpp\src</Filter>
    </ClCompile>
    <ClCompile Include="vendor\yaml-cpp\src\directives.cpp">
      <Filter>vendor\yaml-cpp\src</Filter>
    </ClCompile>
    <ClCompile Include="vendor\yaml-cpp\src\emit.cpp">
      <Filter>vendor\yaml-cpp\src</Filter>
    </ClCompile>
    <ClCompile Include="vendor\yaml-cpp\src\emitfromevents.cpp">
      <Filter>vendor\yaml-cpp\src</Filter>
    </ClCompile>
    <ClCompile Include="vendor\yaml-cpp\src\emitter.cpp">
      <Filter>vendor\yaml-cpp\src</Filter>
    </ClCompile>
    <ClCompile Include="vendor\yaml-cpp\src\emitterstate.cpp">
      <Filter>vendor\yaml-cpp\src</Filter>
    </ClCompile>
    <ClCompile Include="vendor\yaml-cpp\src\emitterutils.cpp">
      <Filter>vendor\yaml-cpp\src</Filter>
    </ClCompile>
    <ClCompile Include="vendor\yaml-cpp\src\exceptions.cpp">
      <Filter>vendor\yaml-cpp\src</Filter>
    </ClCompile>
    <ClCompile Include="vendor\yaml-cpp\src\exp.cpp">
      <Filter>vendor\yaml-cpp\src</Filter>
    </ClCompile>
    <ClCompile Include="vendor\yaml-cpp\src\node.cpp">
      <Filter>vendor\yaml-cpp\src</Filter>
    </ClCompile>
    <ClCompile Include="vendor\yaml-cpp\src\node_data.cpp">
      <Filter>vendor\yaml-cpp\src</Filter>
    </ClCompile>
    <ClCompile Include="vendor\yaml-cpp\src\nodebuilder.cpp">
      <Filter>vendor\yaml-cpp\src</Filter>
    </ClCompile>
    <ClCompile Include="vendor\yaml-cpp\src\nodeevents.cpp">
      <Filter>vendor\yaml-cpp\src</Filter>
    </ClCompile>
    <ClCompile Include="vendor\yaml-cpp\src\null.cpp">
      <Filter>vendor\yaml-cpp\src</Filter>
    </ClCompile>
    <ClCompile Include="vendor\yaml-cpp\src\ostream_wrapper.cpp">
      <Filter>vendor\yaml-cpp\src</Filter>
    </ClCompile>
    <ClCompile Include="vendor\yaml-cpp\src\parse.cpp">
      <Filter>vendor\yaml-cpp\src</Filter>
    </ClCompile>
    <ClCompile Include="vendor\yaml-cpp\src\parser.cpp">
      <Filter>vendor\yaml-cpp\src</Filter>
    </ClCompile>
    <ClCompile Include="vendor\yaml-cpp\src\regex_yaml.cpp">
      <Filter>vendor\yaml-cpp\src</Filter>
    </ClCompile>
    <ClCompile Include="vendor\yaml-cpp\src\scanner.cpp">
      <Filter>vendor\yaml-cpp\src</Filter>
    </ClCompile>
    <ClCompile Include="vendor\yaml-cpp\src\scanscalar.cpp">
      <Filter>vendor\yaml-cpp\src</Filter>
    </ClCompile>
    <ClCompile Include="vendor\yaml-cpp\src\scantag.cpp">
      <Filter>vendor\yaml-cpp\src</Filter>
    </ClCompile>
    <ClCompile Include="vendor\yaml-cpp\src\scantoken.cpp">
      <Filter>vendor\yaml-cpp\src</Filter>
    </ClCompile>
    <ClCompile Include="vendor\yaml-cpp\src\simplekey.cpp">
      <Filter>vendor\yaml-cpp\src</Filter>
    </ClCompile>
    <ClCompile Include="vendor\yaml-cpp\src\singledocparser.cpp">
      <Filter>vendor\yaml-cpp\src</Filter>
    </ClCompile>
    <ClCompile Include="vendor\yaml-cpp\src\stream.cpp">
      <Filter>vendor\yaml-cpp\src</Filter>
    </ClCompile>
    <ClCompile Include="vendor\yaml-cpp\src\tag.cpp">
      <Filter>vendor\yaml-cpp\src</Filter>
    </ClCompile>
    <ClCompile Include="vendor\yaml-cpp\src\yamlmemory.cpp">
      <Filter>vendor\yaml-cpp\src</Filter>
    </ClCompile>
  </ItemGroup>
</Project>