<?xml version="1.0" encoding="utf-8"?>
<Project ToolsVersion="4.0" xmlns="http://schemas.microsoft.com/developer/msbuild/2003">
  <ItemGroup>
    <Filter Include="src">
      <UniqueIdentifier>{2DAB880B-99B4-887C-2230-9F7C8E38947C}</UniqueIdentifier>
    </Filter>
    <Filter Include="src\Ant">
      <UniqueIdentifier>{9F622FA9-0B42-AE44-145A-391B80B814A6}</UniqueIdentifier>
    </Filter>
    <Filter Include="src\Ant\Asset">
      <UniqueIdentifier>{6E52989D-DA12-14D4-A34D-5D510FCD58B0}</UniqueIdentifier>
    </Filter>
    <Filter Include="src\Ant\Core">
      <UniqueIdentifier>{57027ACE-4365-0973-ECEA-4129D82CD5F5}</UniqueIdentifier>
    </Filter>
    <Filter Include="src\Ant\Core\Events">
      <UniqueIdentifier>{5BC6B81A-C727-9628-5095-DCDABCF5CCE7}</UniqueIdentifier>
    </Filter>
    <Filter Include="src\Ant\Core\Math">
      <UniqueIdentifier>{90757A63-FC8B-78F9-4503-041BB1584981}</UniqueIdentifier>
    </Filter>
    <Filter Include="src\Ant\Editor">
      <UniqueIdentifier>{F596E258-E164-D65E-CAF8-4685B665B2C3}</UniqueIdentifier>
    </Filter>
    <Filter Include="src\Ant\ImGui">
      <UniqueIdentifier>{0913259E-75D3-A0D4-3E0E-EA51AA8DE5B0}</UniqueIdentifier>
    </Filter>
    <Filter Include="src\Ant\Math">
      <UniqueIdentifier>{D8427FCE-C4A5-0E73-6D2B-4729596DDAF5}</UniqueIdentifier>
    </Filter>
    <Filter Include="src\Ant\Physics">
      <UniqueIdentifier>{11956BCE-7D20-D992-8631-5C87F23B3593}</UniqueIdentifier>
    </Filter>
    <Filter Include="src\Ant\Platform">
      <UniqueIdentifier>{D301DC97-BFFA-FAE9-E82C-E06ED484DAF5}</UniqueIdentifier>
    </Filter>
    <Filter Include="src\Ant\Platform\OpenGL">
      <UniqueIdentifier>{A7FFCF86-1337-181E-1C41-7C4188F73E17}</UniqueIdentifier>
    </Filter>
    <Filter Include="src\Ant\Platform\Vulkan">
      <UniqueIdentifier>{F3638297-5F9B-CA2E-68A5-2E52D45BF127}</UniqueIdentifier>
    </Filter>
    <Filter Include="src\Ant\Platform\Vulkan\Debug">
      <UniqueIdentifier>{A958B2FA-1571-9924-DE1D-29BE4AF52DBE}</UniqueIdentifier>
    </Filter>
    <Filter Include="src\Ant\Platform\Windows">
      <UniqueIdentifier>{0DCFEBB8-F9F3-3A39-223F-20C90EC33957}</UniqueIdentifier>
    </Filter>
    <Filter Include="src\Ant\Renderer">
      <UniqueIdentifier>{2509B972-1102-D8C4-3A34-BD49268CB7D0}</UniqueIdentifier>
    </Filter>
    <Filter Include="src\Ant\Scene">
      <UniqueIdentifier>{FC0AD59E-68CB-50D5-3106-9A529D8595B1}</UniqueIdentifier>
    </Filter>
    <Filter Include="src\Ant\Scripts">
      <UniqueIdentifier>{D6782CA9-4204-9A6D-4B15-1D62B71FF66D}</UniqueIdentifier>
    </Filter>
    <Filter Include="src\Ant\Utilities">
      <UniqueIdentifier>{CA993A91-36B0-3827-7F27-C448EB7C09AF}</UniqueIdentifier>
    </Filter>
    <Filter Include="vendor">
      <UniqueIdentifier>{B3738122-9F15-ACF8-88D0-BF4C74113349}</UniqueIdentifier>
    </Filter>
    <Filter Include="vendor\ImGuizmo">
      <UniqueIdentifier>{73BF7F4C-DF4A-ED10-E85B-700554664911}</UniqueIdentifier>
    </Filter>
    <Filter Include="vendor\VulkanMemoryAllocator">
      <UniqueIdentifier>{CD0FE8DE-B9CA-D78A-6282-50D54E1C221B}</UniqueIdentifier>
    </Filter>
    <Filter Include="vendor\imgui">
      <UniqueIdentifier>{5D3BD0F0-499E-5F95-F223-984BDE652B18}</UniqueIdentifier>
    </Filter>
    <Filter Include="vendor\imgui\examples">
      <UniqueIdentifier>{ABA16F5A-170E-2B55-E001-C3B24C2D4DBD}</UniqueIdentifier>
    </Filter>
    <Filter Include="vendor\stb_image">
      <UniqueIdentifier>{0DA0BA59-F998-D9AB-22CB-BE300E23B9B7}</UniqueIdentifier>
    </Filter>
    <Filter Include="vendor\yaml-cpp">
      <UniqueIdentifier>{C5B3FC54-313F-6A19-3A50-ED0DA65AC619}</UniqueIdentifier>
    </Filter>
    <Filter Include="vendor\yaml-cpp\include">
      <UniqueIdentifier>{38D04F32-A407-98C9-AD11-FCEC19C8BEC2}</UniqueIdentifier>
    </Filter>
    <Filter Include="vendor\yaml-cpp\include\yaml-cpp">
      <UniqueIdentifier>{EAF52FF2-D646-1B34-FFAA-09F6EB5AAE9D}</UniqueIdentifier>
    </Filter>
    <Filter Include="vendor\yaml-cpp\include\yaml-cpp\contrib">
      <UniqueIdentifier>{EA87E472-D604-D8B5-FF81-D8C9EB5D7449}</UniqueIdentifier>
    </Filter>
    <Filter Include="vendor\yaml-cpp\include\yaml-cpp\node">
      <UniqueIdentifier>{FFEED84C-6BB3-D73C-3419-0807A09C7372}</UniqueIdentifier>
    </Filter>
    <Filter Include="vendor\yaml-cpp\include\yaml-cpp\node\detail">
      <UniqueIdentifier>{E131EE05-CD44-EE5E-762E-CB4B62208BAC}</UniqueIdentifier>
    </Filter>
    <Filter Include="vendor\yaml-cpp\src">
      <UniqueIdentifier>{5CCC2628-C82D-0436-519B-4AE8BDFB3AF5}</UniqueIdentifier>
    </Filter>
    <Filter Include="vendor\yaml-cpp\src\contrib">
      <UniqueIdentifier>{5CB0BB24-C8BD-E90A-51A4-E5F5BDB0B5C1}</UniqueIdentifier>
    </Filter>
  </ItemGroup>
  <ItemGroup>
    <ClInclude Include="src\Ant.h">
      <Filter>src</Filter>
    </ClInclude>
    <ClInclude Include="src\Ant\Asset\Asset.h">
      <Filter>src\Ant\Asset</Filter>
    </ClInclude>
    <ClInclude Include="src\Ant\Asset\AssetImporter.h">
      <Filter>src\Ant\Asset</Filter>
    </ClInclude>
    <ClInclude Include="src\Ant\Asset\AssetManager.h">
      <Filter>src\Ant\Asset</Filter>
    </ClInclude>
    <ClInclude Include="src\Ant\Asset\AssetSerializer.h">
      <Filter>src\Ant\Asset</Filter>
    </ClInclude>
    <ClInclude Include="src\Ant\Core\Application.h">
      <Filter>src\Ant\Core</Filter>
    </ClInclude>
    <ClInclude Include="src\Ant\Core\Assert.h">
      <Filter>src\Ant\Core</Filter>
    </ClInclude>
    <ClInclude Include="src\Ant\Core\Base.h">
      <Filter>src\Ant\Core</Filter>
    </ClInclude>
    <ClInclude Include="src\Ant\Core\Buffer.h">
      <Filter>src\Ant\Core</Filter>
    </ClInclude>
    <ClInclude Include="src\Ant\Core\Events\ApplicationEvent.h">
      <Filter>src\Ant\Core\Events</Filter>
    </ClInclude>
    <ClInclude Include="src\Ant\Core\Events\Event.h">
      <Filter>src\Ant\Core\Events</Filter>
    </ClInclude>
    <ClInclude Include="src\Ant\Core\Events\KeyEvent.h">
      <Filter>src\Ant\Core\Events</Filter>
    </ClInclude>
    <ClInclude Include="src\Ant\Core\Events\MouseEvent.h">
      <Filter>src\Ant\Core\Events</Filter>
    </ClInclude>
    <ClInclude Include="src\Ant\Core\Inputs.h">
      <Filter>src\Ant\Core</Filter>
    </ClInclude>
    <ClInclude Include="src\Ant\Core\KeyCodes.h">
      <Filter>src\Ant\Core</Filter>
    </ClInclude>
    <ClInclude Include="src\Ant\Core\Layer.h">
      <Filter>src\Ant\Core</Filter>
    </ClInclude>
    <ClInclude Include="src\Ant\Core\LayerStack.h">
      <Filter>src\Ant\Core</Filter>
    </ClInclude>
    <ClInclude Include="src\Ant\Core\Log.h">
      <Filter>src\Ant\Core</Filter>
    </ClInclude>
    <ClInclude Include="src\Ant\Core\Math\AABB.h">
      <Filter>src\Ant\Core\Math</Filter>
    </ClInclude>
    <ClInclude Include="src\Ant\Core\Math\Mat4.h">
      <Filter>src\Ant\Core\Math</Filter>
    </ClInclude>
    <ClInclude Include="src\Ant\Core\Math\Noise.h">
      <Filter>src\Ant\Core\Math</Filter>
    </ClInclude>
    <ClInclude Include="src\Ant\Core\Math\Ray.h">
      <Filter>src\Ant\Core\Math</Filter>
    </ClInclude>
    <ClInclude Include="src\Ant\Core\MouseCodes.h">
      <Filter>src\Ant\Core</Filter>
    </ClInclude>
    <ClInclude Include="src\Ant\Core\Ref.h">
      <Filter>src\Ant\Core</Filter>
    </ClInclude>
    <ClInclude Include="src\Ant\Core\Timer.h">
      <Filter>src\Ant\Core</Filter>
    </ClInclude>
    <ClInclude Include="src\Ant\Core\Timestep.h">
      <Filter>src\Ant\Core</Filter>
    </ClInclude>
    <ClInclude Include="src\Ant\Core\UUID.h">
      <Filter>src\Ant\Core</Filter>
    </ClInclude>
    <ClInclude Include="src\Ant\Core\Window.h">
      <Filter>src\Ant\Core</Filter>
    </ClInclude>
    <ClInclude Include="src\Ant\Editor\AssetEditorPanel.h">
      <Filter>src\Ant\Editor</Filter>
    </ClInclude>
    <ClInclude Include="src\Ant\Editor\ContentBrowserPanel.h">
      <Filter>src\Ant\Editor</Filter>
    </ClInclude>
    <ClInclude Include="src\Ant\Editor\DefaultAssetEditors.h">
      <Filter>src\Ant\Editor</Filter>
    </ClInclude>
    <ClInclude Include="src\Ant\Editor\EditorCamera.h">
      <Filter>src\Ant\Editor</Filter>
    </ClInclude>
    <ClInclude Include="src\Ant\Editor\ObjectsPanel.h">
      <Filter>src\Ant\Editor</Filter>
    </ClInclude>
    <ClInclude Include="src\Ant\Editor\PhysicsSettingsWindow.h">
      <Filter>src\Ant\Editor</Filter>
    </ClInclude>
    <ClInclude Include="src\Ant\Editor\SceneHierarchyPanel.h">
      <Filter>src\Ant\Editor</Filter>
    </ClInclude>
    <ClInclude Include="src\Ant\EntryPoint.h">
      <Filter>src\Ant</Filter>
    </ClInclude>
    <ClInclude Include="src\Ant\ImGui\ImGui.h">
      <Filter>src\Ant\ImGui</Filter>
    </ClInclude>
    <ClInclude Include="src\Ant\ImGui\ImGuiLayer.h">
      <Filter>src\Ant\ImGui</Filter>
    </ClInclude>
    <ClInclude Include="src\Ant\Math\Math.h">
      <Filter>src\Ant\Math</Filter>
    </ClInclude>
    <ClInclude Include="src\Ant\Physics\PXPhysicsWrappers.h">
      <Filter>src\Ant\Physics</Filter>
    </ClInclude>
    <ClInclude Include="src\Ant\Physics\Physics.h">
      <Filter>src\Ant\Physics</Filter>
    </ClInclude>
    <ClInclude Include="src\Ant\Physics\PhysicsActor.h">
      <Filter>src\Ant\Physics</Filter>
    </ClInclude>
    <ClInclude Include="src\Ant\Physics\PhysicsLayer.h">
      <Filter>src\Ant\Physics</Filter>
    </ClInclude>
    <ClInclude Include="src\Ant\Physics\PhysicsUtil.h">
      <Filter>src\Ant\Physics</Filter>
    </ClInclude>
    <ClInclude Include="src\Ant\Platform\OpenGL\OpenGLContext.h">
      <Filter>src\Ant\Platform\OpenGL</Filter>
    </ClInclude>
    <ClInclude Include="src\Ant\Platform\OpenGL\OpenGLFramebuffer.h">
      <Filter>src\Ant\Platform\OpenGL</Filter>
    </ClInclude>
    <ClInclude Include="src\Ant\Platform\OpenGL\OpenGLImGuiLayer.h">
      <Filter>src\Ant\Platform\OpenGL</Filter>
    </ClInclude>
    <ClInclude Include="src\Ant\Platform\OpenGL\OpenGLImage.h">
      <Filter>src\Ant\Platform\OpenGL</Filter>
    </ClInclude>
    <ClInclude Include="src\Ant\Platform\OpenGL\OpenGLIndexBuffer.h">
      <Filter>src\Ant\Platform\OpenGL</Filter>
    </ClInclude>
    <ClInclude Include="src\Ant\Platform\OpenGL\OpenGLMaterial.h">
      <Filter>src\Ant\Platform\OpenGL</Filter>
    </ClInclude>
    <ClInclude Include="src\Ant\Platform\OpenGL\OpenGLPipeline.h">
      <Filter>src\Ant\Platform\OpenGL</Filter>
    </ClInclude>
    <ClInclude Include="src\Ant\Platform\OpenGL\OpenGLRenderPass.h">
      <Filter>src\Ant\Platform\OpenGL</Filter>
    </ClInclude>
    <ClInclude Include="src\Ant\Platform\OpenGL\OpenGLRenderer.h">
      <Filter>src\Ant\Platform\OpenGL</Filter>
    </ClInclude>
    <ClInclude Include="src\Ant\Platform\OpenGL\OpenGLShader.h">
      <Filter>src\Ant\Platform\OpenGL</Filter>
    </ClInclude>
    <ClInclude Include="src\Ant\Platform\OpenGL\OpenGLTexture.h">
      <Filter>src\Ant\Platform\OpenGL</Filter>
    </ClInclude>
    <ClInclude Include="src\Ant\Platform\OpenGL\OpenGLVertexBuffer.h">
      <Filter>src\Ant\Platform\OpenGL</Filter>
    </ClInclude>
    <ClInclude Include="src\Ant\Platform\Vulkan\Debug\NsightAftermathGpuCrashTracker.h">
      <Filter>src\Ant\Platform\Vulkan\Debug</Filter>
    </ClInclude>
    <ClInclude Include="src\Ant\Platform\Vulkan\Debug\NsightAftermathHelpers.h">
      <Filter>src\Ant\Platform\Vulkan\Debug</Filter>
    </ClInclude>
    <ClInclude Include="src\Ant\Platform\Vulkan\Debug\NsightAftermathShaderDatabase.h">
      <Filter>src\Ant\Platform\Vulkan\Debug</Filter>
    </ClInclude>
    <ClInclude Include="src\Ant\Platform\Vulkan\Vulkan.h">
      <Filter>src\Ant\Platform\Vulkan</Filter>
    </ClInclude>
    <ClInclude Include="src\Ant\Platform\Vulkan\VulkanAllocator.h">
      <Filter>src\Ant\Platform\Vulkan</Filter>
    </ClInclude>
    <ClInclude Include="src\Ant\Platform\Vulkan\VulkanComputePipeline.h">
      <Filter>src\Ant\Platform\Vulkan</Filter>
    </ClInclude>
    <ClInclude Include="src\Ant\Platform\Vulkan\VulkanContext.h">
      <Filter>src\Ant\Platform\Vulkan</Filter>
    </ClInclude>
    <ClInclude Include="src\Ant\Platform\Vulkan\VulkanDevice.h">
      <Filter>src\Ant\Platform\Vulkan</Filter>
    </ClInclude>
    <ClInclude Include="src\Ant\Platform\Vulkan\VulkanDiagnostics.h">
      <Filter>src\Ant\Platform\Vulkan</Filter>
    </ClInclude>
    <ClInclude Include="src\Ant\Platform\Vulkan\VulkanFramebuffer.h">
      <Filter>src\Ant\Platform\Vulkan</Filter>
    </ClInclude>
    <ClInclude Include="src\Ant\Platform\Vulkan\VulkanImGuiLayer.h">
      <Filter>src\Ant\Platform\Vulkan</Filter>
    </ClInclude>
    <ClInclude Include="src\Ant\Platform\Vulkan\VulkanImage.h">
      <Filter>src\Ant\Platform\Vulkan</Filter>
    </ClInclude>
    <ClInclude Include="src\Ant\Platform\Vulkan\VulkanIndexBuffer.h">
      <Filter>src\Ant\Platform\Vulkan</Filter>
    </ClInclude>
    <ClInclude Include="src\Ant\Platform\Vulkan\VulkanMaterial.h">
      <Filter>src\Ant\Platform\Vulkan</Filter>
    </ClInclude>
    <ClInclude Include="src\Ant\Platform\Vulkan\VulkanPipeline.h">
      <Filter>src\Ant\Platform\Vulkan</Filter>
    </ClInclude>
    <ClInclude Include="src\Ant\Platform\Vulkan\VulkanRenderPass.h">
      <Filter>src\Ant\Platform\Vulkan</Filter>
    </ClInclude>
    <ClInclude Include="src\Ant\Platform\Vulkan\VulkanRenderer.h">
      <Filter>src\Ant\Platform\Vulkan</Filter>
    </ClInclude>
    <ClInclude Include="src\Ant\Platform\Vulkan\VulkanShader.h">
      <Filter>src\Ant\Platform\Vulkan</Filter>
    </ClInclude>
    <ClInclude Include="src\Ant\Platform\Vulkan\VulkanSwapChain.h">
      <Filter>src\Ant\Platform\Vulkan</Filter>
    </ClInclude>
    <ClInclude Include="src\Ant\Platform\Vulkan\VulkanTexture.h">
      <Filter>src\Ant\Platform\Vulkan</Filter>
    </ClInclude>
    <ClInclude Include="src\Ant\Platform\Vulkan\VulkanVertexBuffer.h">
      <Filter>src\Ant\Platform\Vulkan</Filter>
    </ClInclude>
    <ClInclude Include="src\Ant\Platform\Windows\WindowsWindow.h">
      <Filter>src\Ant\Platform\Windows</Filter>
    </ClInclude>
    <ClInclude Include="src\Ant\Renderer\Camera.h">
      <Filter>src\Ant\Renderer</Filter>
    </ClInclude>
    <ClInclude Include="src\Ant\Renderer\Framebuffer.h">
      <Filter>src\Ant\Renderer</Filter>
    </ClInclude>
    <ClInclude Include="src\Ant\Renderer\Image.h">
      <Filter>src\Ant\Renderer</Filter>
    </ClInclude>
    <ClInclude Include="src\Ant\Renderer\IndexBuffer.h">
      <Filter>src\Ant\Renderer</Filter>
    </ClInclude>
    <ClInclude Include="src\Ant\Renderer\Material.h">
      <Filter>src\Ant\Renderer</Filter>
    </ClInclude>
    <ClInclude Include="src\Ant\Renderer\Mesh.h">
      <Filter>src\Ant\Renderer</Filter>
    </ClInclude>
    <ClInclude Include="src\Ant\Renderer\MeshFactory.h">
      <Filter>src\Ant\Renderer</Filter>
    </ClInclude>
    <ClInclude Include="src\Ant\Renderer\Pipeline.h">
      <Filter>src\Ant\Renderer</Filter>
    </ClInclude>
    <ClInclude Include="src\Ant\Renderer\RenderCommandQueue.h">
      <Filter>src\Ant\Renderer</Filter>
    </ClInclude>
    <ClInclude Include="src\Ant\Renderer\RenderPass.h">
      <Filter>src\Ant\Renderer</Filter>
    </ClInclude>
    <ClInclude Include="src\Ant\Renderer\Renderer.h">
      <Filter>src\Ant\Renderer</Filter>
    </ClInclude>
    <ClInclude Include="src\Ant\Renderer\Renderer2D.h">
      <Filter>src\Ant\Renderer</Filter>
    </ClInclude>
    <ClInclude Include="src\Ant\Renderer\RendererAPI.h">
      <Filter>src\Ant\Renderer</Filter>
    </ClInclude>
    <ClInclude Include="src\Ant\Renderer\RendererCapabilities.h">
      <Filter>src\Ant\Renderer</Filter>
    </ClInclude>
    <ClInclude Include="src\Ant\Renderer\RendererContext.h">
      <Filter>src\Ant\Renderer</Filter>
    </ClInclude>
    <ClInclude Include="src\Ant\Renderer\RendererTypes.h">
      <Filter>src\Ant\Renderer</Filter>
    </ClInclude>
    <ClInclude Include="src\Ant\Renderer\SceneEnvironment.h">
      <Filter>src\Ant\Renderer</Filter>
    </ClInclude>
    <ClInclude Include="src\Ant\Renderer\SceneRenderer.h">
      <Filter>src\Ant\Renderer</Filter>
    </ClInclude>
    <ClInclude Include="src\Ant\Renderer\Shader.h">
      <Filter>src\Ant\Renderer</Filter>
    </ClInclude>
    <ClInclude Include="src\Ant\Renderer\ShaderUniform.h">
      <Filter>src\Ant\Renderer</Filter>
    </ClInclude>
    <ClInclude Include="src\Ant\Renderer\Texture.h">
      <Filter>src\Ant\Renderer</Filter>
    </ClInclude>
    <ClInclude Include="src\Ant\Renderer\VertexBuffer.h">
      <Filter>src\Ant\Renderer</Filter>
    </ClInclude>
    <ClInclude Include="src\Ant\Scene\Components.h">
      <Filter>src\Ant\Scene</Filter>
    </ClInclude>
    <ClInclude Include="src\Ant\Scene\Entity.h">
      <Filter>src\Ant\Scene</Filter>
    </ClInclude>
    <ClInclude Include="src\Ant\Scene\Scene.h">
      <Filter>src\Ant\Scene</Filter>
    </ClInclude>
    <ClInclude Include="src\Ant\Scene\SceneCamera.h">
      <Filter>src\Ant\Scene</Filter>
    </ClInclude>
    <ClInclude Include="src\Ant\Scene\SceneSerializer.h">
      <Filter>src\Ant\Scene</Filter>
    </ClInclude>
    <ClInclude Include="src\Ant\Scripts\ScriptEngine.h">
      <Filter>src\Ant\Scripts</Filter>
    </ClInclude>
    <ClInclude Include="src\Ant\Scripts\ScriptEngineRegistry.h">
      <Filter>src\Ant\Scripts</Filter>
    </ClInclude>
    <ClInclude Include="src\Ant\Scripts\ScriptWrappers.h">
      <Filter>src\Ant\Scripts</Filter>
    </ClInclude>
    <ClInclude Include="src\Ant\Utilities\FileSystem.h">
      <Filter>src\Ant\Utilities</Filter>
    </ClInclude>
    <ClInclude Include="src\Ant\Utilities\StringUtils.h">
      <Filter>src\Ant\Utilities</Filter>
    </ClInclude>
    <ClInclude Include="src\antpch.h">
      <Filter>src</Filter>
    </ClInclude>
    <ClInclude Include="vendor\ImGuizmo\ImGuizmo.h">
      <Filter>vendor\ImGuizmo</Filter>
    </ClInclude>
    <ClInclude Include="vendor\VulkanMemoryAllocator\vk_mem_alloc.h">
      <Filter>vendor\VulkanMemoryAllocator</Filter>
    </ClInclude>
    <ClInclude Include="vendor\imgui\examples\imgui_impl_vulkan_with_textures.h">
      <Filter>vendor\imgui\examples</Filter>
    </ClInclude>
    <ClInclude Include="vendor\stb_image\stb_image.h">
      <Filter>vendor\stb_image</Filter>
    </ClInclude>
    <ClInclude Include="vendor\yaml-cpp\include\yaml-cpp\anchor.h">
      <Filter>vendor\yaml-cpp\include\yaml-cpp</Filter>
    </ClInclude>
    <ClInclude Include="vendor\yaml-cpp\include\yaml-cpp\binary.h">
      <Filter>vendor\yaml-cpp\include\yaml-cpp</Filter>
    </ClInclude>
    <ClInclude Include="vendor\yaml-cpp\include\yaml-cpp\contrib\anchordict.h">
      <Filter>vendor\yaml-cpp\include\yaml-cpp\contrib</Filter>
    </ClInclude>
    <ClInclude Include="vendor\yaml-cpp\include\yaml-cpp\contrib\graphbuilder.h">
      <Filter>vendor\yaml-cpp\include\yaml-cpp\contrib</Filter>
    </ClInclude>
    <ClInclude Include="vendor\yaml-cpp\include\yaml-cpp\depthguard.h">
      <Filter>vendor\yaml-cpp\include\yaml-cpp</Filter>
    </ClInclude>
    <ClInclude Include="vendor\yaml-cpp\include\yaml-cpp\dll.h">
      <Filter>vendor\yaml-cpp\include\yaml-cpp</Filter>
    </ClInclude>
    <ClInclude Include="vendor\yaml-cpp\include\yaml-cpp\emitfromevents.h">
      <Filter>vendor\yaml-cpp\include\yaml-cpp</Filter>
    </ClInclude>
    <ClInclude Include="vendor\yaml-cpp\include\yaml-cpp\emitter.h">
      <Filter>vendor\yaml-cpp\include\yaml-cpp</Filter>
    </ClInclude>
    <ClInclude Include="vendor\yaml-cpp\include\yaml-cpp\emitterdef.h">
      <Filter>vendor\yaml-cpp\include\yaml-cpp</Filter>
    </ClInclude>
    <ClInclude Include="vendor\yaml-cpp\include\yaml-cpp\emittermanip.h">
      <Filter>vendor\yaml-cpp\include\yaml-cpp</Filter>
    </ClInclude>
    <ClInclude Include="vendor\yaml-cpp\include\yaml-cpp\emitterstyle.h">
      <Filter>vendor\yaml-cpp\include\yaml-cpp</Filter>
    </ClInclude>
    <ClInclude Include="vendor\yaml-cpp\include\yaml-cpp\eventhandler.h">
      <Filter>vendor\yaml-cpp\include\yaml-cpp</Filter>
    </ClInclude>
    <ClInclude Include="vendor\yaml-cpp\include\yaml-cpp\exceptions.h">
      <Filter>vendor\yaml-cpp\include\yaml-cpp</Filter>
    </ClInclude>
    <ClInclude Include="vendor\yaml-cpp\include\yaml-cpp\mark.h">
      <Filter>vendor\yaml-cpp\include\yaml-cpp</Filter>
    </ClInclude>
    <ClInclude Include="vendor\yaml-cpp\include\yaml-cpp\node\convert.h">
      <Filter>vendor\yaml-cpp\include\yaml-cpp\node</Filter>
    </ClInclude>
    <ClInclude Include="vendor\yaml-cpp\include\yaml-cpp\node\detail\impl.h">
      <Filter>vendor\yaml-cpp\include\yaml-cpp\node\detail</Filter>
    </ClInclude>
    <ClInclude Include="vendor\yaml-cpp\include\yaml-cpp\node\detail\iterator.h">
      <Filter>vendor\yaml-cpp\include\yaml-cpp\node\detail</Filter>
    </ClInclude>
    <ClInclude Include="vendor\yaml-cpp\include\yaml-cpp\node\detail\iterator_fwd.h">
      <Filter>vendor\yaml-cpp\include\yaml-cpp\node\detail</Filter>
    </ClInclude>
    <ClInclude Include="vendor\yaml-cpp\include\yaml-cpp\node\detail\memory.h">
      <Filter>vendor\yaml-cpp\include\yaml-cpp\node\detail</Filter>
    </ClInclude>
    <ClInclude Include="vendor\yaml-cpp\include\yaml-cpp\node\detail\node.h">
      <Filter>vendor\yaml-cpp\include\yaml-cpp\node\detail</Filter>
    </ClInclude>
    <ClInclude Include="vendor\yaml-cpp\include\yaml-cpp\node\detail\node_data.h">
      <Filter>vendor\yaml-cpp\include\yaml-cpp\node\detail</Filter>
    </ClInclude>
    <ClInclude Include="vendor\yaml-cpp\include\yaml-cpp\node\detail\node_iterator.h">
      <Filter>vendor\yaml-cpp\include\yaml-cpp\node\detail</Filter>
    </ClInclude>
    <ClInclude Include="vendor\yaml-cpp\include\yaml-cpp\node\detail\node_ref.h">
      <Filter>vendor\yaml-cpp\include\yaml-cpp\node\detail</Filter>
    </ClInclude>
    <ClInclude Include="vendor\yaml-cpp\include\yaml-cpp\node\emit.h">
      <Filter>vendor\yaml-cpp\include\yaml-cpp\node</Filter>
    </ClInclude>
    <ClInclude Include="vendor\yaml-cpp\include\yaml-cpp\node\impl.h">
      <Filter>vendor\yaml-cpp\include\yaml-cpp\node</Filter>
    </ClInclude>
    <ClInclude Include="vendor\yaml-cpp\include\yaml-cpp\node\iterator.h">
      <Filter>vendor\yaml-cpp\include\yaml-cpp\node</Filter>
    </ClInclude>
    <ClInclude Include="vendor\yaml-cpp\include\yaml-cpp\node\node.h">
      <Filter>vendor\yaml-cpp\include\yaml-cpp\node</Filter>
    </ClInclude>
    <ClInclude Include="vendor\yaml-cpp\include\yaml-cpp\node\parse.h">
      <Filter>vendor\yaml-cpp\include\yaml-cpp\node</Filter>
    </ClInclude>
    <ClInclude Include="vendor\yaml-cpp\include\yaml-cpp\node\ptr.h">
      <Filter>vendor\yaml-cpp\include\yaml-cpp\node</Filter>
    </ClInclude>
    <ClInclude Include="vendor\yaml-cpp\include\yaml-cpp\node\type.h">
      <Filter>vendor\yaml-cpp\include\yaml-cpp\node</Filter>
    </ClInclude>
    <ClInclude Include="vendor\yaml-cpp\include\yaml-cpp\noexcept.h">
      <Filter>vendor\yaml-cpp\include\yaml-cpp</Filter>
    </ClInclude>
    <ClInclude Include="vendor\yaml-cpp\include\yaml-cpp\null.h">
      <Filter>vendor\yaml-cpp\include\yaml-cpp</Filter>
    </ClInclude>
    <ClInclude Include="vendor\yaml-cpp\include\yaml-cpp\ostream_wrapper.h">
      <Filter>vendor\yaml-cpp\include\yaml-cpp</Filter>
    </ClInclude>
    <ClInclude Include="vendor\yaml-cpp\include\yaml-cpp\parser.h">
      <Filter>vendor\yaml-cpp\include\yaml-cpp</Filter>
    </ClInclude>
    <ClInclude Include="vendor\yaml-cpp\include\yaml-cpp\stlemitter.h">
      <Filter>vendor\yaml-cpp\include\yaml-cpp</Filter>
    </ClInclude>
    <ClInclude Include="vendor\yaml-cpp\include\yaml-cpp\traits.h">
      <Filter>vendor\yaml-cpp\include\yaml-cpp</Filter>
    </ClInclude>
    <ClInclude Include="vendor\yaml-cpp\include\yaml-cpp\yaml.h">
      <Filter>vendor\yaml-cpp\include\yaml-cpp</Filter>
    </ClInclude>
    <ClInclude Include="vendor\yaml-cpp\src\collectionstack.h">
      <Filter>vendor\yaml-cpp\src</Filter>
    </ClInclude>
    <ClInclude Include="vendor\yaml-cpp\src\contrib\graphbuilderadapter.h">
      <Filter>vendor\yaml-cpp\src\contrib</Filter>
    </ClInclude>
    <ClInclude Include="vendor\yaml-cpp\src\directives.h">
      <Filter>vendor\yaml-cpp\src</Filter>
    </ClInclude>
    <ClInclude Include="vendor\yaml-cpp\src\emitterstate.h">
      <Filter>vendor\yaml-cpp\src</Filter>
    </ClInclude>
    <ClInclude Include="vendor\yaml-cpp\src\emitterutils.h">
      <Filter>vendor\yaml-cpp\src</Filter>
    </ClInclude>
    <ClInclude Include="vendor\yaml-cpp\src\exp.h">
      <Filter>vendor\yaml-cpp\src</Filter>
    </ClInclude>
    <ClInclude Include="vendor\yaml-cpp\src\indentation.h">
      <Filter>vendor\yaml-cpp\src</Filter>
    </ClInclude>
    <ClInclude Include="vendor\yaml-cpp\src\nodebuilder.h">
      <Filter>vendor\yaml-cpp\src</Filter>
    </ClInclude>
    <ClInclude Include="vendor\yaml-cpp\src\nodeevents.h">
      <Filter>vendor\yaml-cpp\src</Filter>
    </ClInclude>
    <ClInclude Include="vendor\yaml-cpp\src\ptr_vector.h">
      <Filter>vendor\yaml-cpp\src</Filter>
    </ClInclude>
    <ClInclude Include="vendor\yaml-cpp\src\regex_yaml.h">
      <Filter>vendor\yaml-cpp\src</Filter>
    </ClInclude>
    <ClInclude Include="vendor\yaml-cpp\src\regeximpl.h">
      <Filter>vendor\yaml-cpp\src</Filter>
    </ClInclude>
    <ClInclude Include="vendor\yaml-cpp\src\scanner.h">
      <Filter>vendor\yaml-cpp\src</Filter>
    </ClInclude>
    <ClInclude Include="vendor\yaml-cpp\src\scanscalar.h">
      <Filter>vendor\yaml-cpp\src</Filter>
    </ClInclude>
    <ClInclude Include="vendor\yaml-cpp\src\scantag.h">
      <Filter>vendor\yaml-cpp\src</Filter>
    </ClInclude>
    <ClInclude Include="vendor\yaml-cpp\src\setting.h">
      <Filter>vendor\yaml-cpp\src</Filter>
    </ClInclude>
    <ClInclude Include="vendor\yaml-cpp\src\singledocparser.h">
      <Filter>vendor\yaml-cpp\src</Filter>
    </ClInclude>
    <ClInclude Include="vendor\yaml-cpp\src\stream.h">
      <Filter>vendor\yaml-cpp\src</Filter>
    </ClInclude>
    <ClInclude Include="vendor\yaml-cpp\src\streamcharsource.h">
      <Filter>vendor\yaml-cpp\src</Filter>
    </ClInclude>
    <ClInclude Include="vendor\yaml-cpp\src\stringsource.h">
      <Filter>vendor\yaml-cpp\src</Filter>
    </ClInclude>
    <ClInclude Include="vendor\yaml-cpp\src\tag.h">
      <Filter>vendor\yaml-cpp\src</Filter>
    </ClInclude>
    <ClInclude Include="vendor\yaml-cpp\src\token.h">
      <Filter>vendor\yaml-cpp\src</Filter>
    </ClInclude>
  </ItemGroup>
  <ItemGroup>
    <ClCompile Include="src\Ant\Asset\AssetImporter.cpp">
      <Filter>src\Ant\Asset</Filter>
    </ClCompile>
    <ClCompile Include="src\Ant\Asset\AssetManager.cpp">
      <Filter>src\Ant\Asset</Filter>
    </ClCompile>
    <ClCompile Include="src\Ant\Asset\AssetSerializer.cpp">
      <Filter>src\Ant\Asset</Filter>
    </ClCompile>
    <ClCompile Include="src\Ant\Core\Application.cpp">
      <Filter>src\Ant\Core</Filter>
    </ClCompile>
    <ClCompile Include="src\Ant\Core\Base.cpp">
      <Filter>src\Ant\Core</Filter>
    </ClCompile>
    <ClCompile Include="src\Ant\Core\Layer.cpp">
      <Filter>src\Ant\Core</Filter>
    </ClCompile>
    <ClCompile Include="src\Ant\Core\LayerStack.cpp">
      <Filter>src\Ant\Core</Filter>
    </ClCompile>
    <ClCompile Include="src\Ant\Core\Log.cpp">
      <Filter>src\Ant\Core</Filter>
    </ClCompile>
    <ClCompile Include="src\Ant\Core\Math\Mat4.cpp">
      <Filter>src\Ant\Core\Math</Filter>
    </ClCompile>
    <ClCompile Include="src\Ant\Core\Math\Noise.cpp">
      <Filter>src\Ant\Core\Math</Filter>
    </ClCompile>
    <ClCompile Include="src\Ant\Core\UUID.cpp">
      <Filter>src\Ant\Core</Filter>
    </ClCompile>
    <ClCompile Include="src\Ant\Core\Window.cpp">
      <Filter>src\Ant\Core</Filter>
    </ClCompile>
    <ClCompile Include="src\Ant\Editor\AssetEditorPanel.cpp">
      <Filter>src\Ant\Editor</Filter>
    </ClCompile>
    <ClCompile Include="src\Ant\Editor\ContentBrowserPanel.cpp">
      <Filter>src\Ant\Editor</Filter>
    </ClCompile>
    <ClCompile Include="src\Ant\Editor\DefaultAssetEditors.cpp">
      <Filter>src\Ant\Editor</Filter>
    </ClCompile>
    <ClCompile Include="src\Ant\Editor\EditorCamera.cpp">
      <Filter>src\Ant\Editor</Filter>
    </ClCompile>
    <ClCompile Include="src\Ant\Editor\ObjectsPanel.cpp">
      <Filter>src\Ant\Editor</Filter>
    </ClCompile>
    <ClCompile Include="src\Ant\Editor\PhysicsSettingsWindow.cpp">
      <Filter>src\Ant\Editor</Filter>
    </ClCompile>
    <ClCompile Include="src\Ant\Editor\SceneHierarchyPanel.cpp">
      <Filter>src\Ant\Editor</Filter>
    </ClCompile>
    <ClCompile Include="src\Ant\ImGui\ImGuiBuild.cpp">
      <Filter>src\Ant\ImGui</Filter>
    </ClCompile>
    <ClCompile Include="src\Ant\ImGui\ImGuiLayer.cpp">
      <Filter>src\Ant\ImGui</Filter>
    </ClCompile>
    <ClCompile Include="src\Ant\ImGui\VulkanImGui.cpp">
      <Filter>src\Ant\ImGui</Filter>
    </ClCompile>
    <ClCompile Include="src\Ant\Math\Math.cpp">
      <Filter>src\Ant\Math</Filter>
    </ClCompile>
    <ClCompile Include="src\Ant\Physics\PXPhysicsWrappers.cpp">
      <Filter>src\Ant\Physics</Filter>
    </ClCompile>
    <ClCompile Include="src\Ant\Physics\Physics.cpp">
      <Filter>src\Ant\Physics</Filter>
    </ClCompile>
    <ClCompile Include="src\Ant\Physics\PhysicsActor.cpp">
      <Filter>src\Ant\Physics</Filter>
    </ClCompile>
    <ClCompile Include="src\Ant\Physics\PhysicsLayer.cpp">
      <Filter>src\Ant\Physics</Filter>
    </ClCompile>
    <ClCompile Include="src\Ant\Physics\PhysicsUtil.cpp">
      <Filter>src\Ant\Physics</Filter>
    </ClCompile>
    <ClCompile Include="src\Ant\Platform\OpenGL\OpenGLContext.cpp">
      <Filter>src\Ant\Platform\OpenGL</Filter>
    </ClCompile>
    <ClCompile Include="src\Ant\Platform\OpenGL\OpenGLFramebuffer.cpp">
      <Filter>src\Ant\Platform\OpenGL</Filter>
    </ClCompile>
    <ClCompile Include="src\Ant\Platform\OpenGL\OpenGLImGuiLayer.cpp">
      <Filter>src\Ant\Platform\OpenGL</Filter>
    </ClCompile>
    <ClCompile Include="src\Ant\Platform\OpenGL\OpenGLImage.cpp">
      <Filter>src\Ant\Platform\OpenGL</Filter>
    </ClCompile>
    <ClCompile Include="src\Ant\Platform\OpenGL\OpenGLIndexBuffer.cpp">
      <Filter>src\Ant\Platform\OpenGL</Filter>
    </ClCompile>
    <ClCompile Include="src\Ant\Platform\OpenGL\OpenGLMaterial.cpp">
      <Filter>src\Ant\Platform\OpenGL</Filter>
    </ClCompile>
    <ClCompile Include="src\Ant\Platform\OpenGL\OpenGLPipeline.cpp">
      <Filter>src\Ant\Platform\OpenGL</Filter>
    </ClCompile>
    <ClCompile Include="src\Ant\Platform\OpenGL\OpenGLRenderPass.cpp">
      <Filter>src\Ant\Platform\OpenGL</Filter>
    </ClCompile>
    <ClCompile Include="src\Ant\Platform\OpenGL\OpenGLRenderer.cpp">
      <Filter>src\Ant\Platform\OpenGL</Filter>
    </ClCompile>
    <ClCompile Include="src\Ant\Platform\OpenGL\OpenGLShader.cpp">
      <Filter>src\Ant\Platform\OpenGL</Filter>
    </ClCompile>
    <ClCompile Include="src\Ant\Platform\OpenGL\OpenGLTexture.cpp">
      <Filter>src\Ant\Platform\OpenGL</Filter>
    </ClCompile>
    <ClCompile Include="src\Ant\Platform\OpenGL\OpenGLVertexBuffer.cpp">
      <Filter>src\Ant\Platform\OpenGL</Filter>
    </ClCompile>
    <ClCompile Include="src\Ant\Platform\Vulkan\Debug\NsightAftermathGpuCrashTracker.cpp">
      <Filter>src\Ant\Platform\Vulkan\Debug</Filter>
    </ClCompile>
    <ClCompile Include="src\Ant\Platform\Vulkan\Debug\NsightAftermathShaderDatabase.cpp">
      <Filter>src\Ant\Platform\Vulkan\Debug</Filter>
    </ClCompile>
    <ClCompile Include="src\Ant\Platform\Vulkan\Vulkan.cpp">
      <Filter>src\Ant\Platform\Vulkan</Filter>
    </ClCompile>
    <ClCompile Include="src\Ant\Platform\Vulkan\VulkanAllocator.cpp">
      <Filter>src\Ant\Platform\Vulkan</Filter>
    </ClCompile>
    <ClCompile Include="src\Ant\Platform\Vulkan\VulkanComputePipeline.cpp">
      <Filter>src\Ant\Platform\Vulkan</Filter>
    </ClCompile>
    <ClCompile Include="src\Ant\Platform\Vulkan\VulkanContext.cpp">
      <Filter>src\Ant\Platform\Vulkan</Filter>
    </ClCompile>
    <ClCompile Include="src\Ant\Platform\Vulkan\VulkanDevice.cpp">
      <Filter>src\Ant\Platform\Vulkan</Filter>
    </ClCompile>
    <ClCompile Include="src\Ant\Platform\Vulkan\VulkanDiagnostics.cpp">
      <Filter>src\Ant\Platform\Vulkan</Filter>
    </ClCompile>
    <ClCompile Include="src\Ant\Platform\Vulkan\VulkanFramebuffer.cpp">
      <Filter>src\Ant\Platform\Vulkan</Filter>
    </ClCompile>
    <ClCompile Include="src\Ant\Platform\Vulkan\VulkanImGuiLayer.cpp">
      <Filter>src\Ant\Platform\Vulkan</Filter>
    </ClCompile>
    <ClCompile Include="src\Ant\Platform\Vulkan\VulkanImage.cpp">
      <Filter>src\Ant\Platform\Vulkan</Filter>
    </ClCompile>
    <ClCompile Include="src\Ant\Platform\Vulkan\VulkanIndexBuffer.cpp">
      <Filter>src\Ant\Platform\Vulkan</Filter>
    </ClCompile>
    <ClCompile Include="src\Ant\Platform\Vulkan\VulkanMaterial.cpp">
      <Filter>src\Ant\Platform\Vulkan</Filter>
    </ClCompile>
    <ClCompile Include="src\Ant\Platform\Vulkan\VulkanPipeline.cpp">
      <Filter>src\Ant\Platform\Vulkan</Filter>
    </ClCompile>
    <ClCompile Include="src\Ant\Platform\Vulkan\VulkanRenderPass.cpp">
      <Filter>src\Ant\Platform\Vulkan</Filter>
    </ClCompile>
    <ClCompile Include="src\Ant\Platform\Vulkan\VulkanRenderer.cpp">
      <Filter>src\Ant\Platform\Vulkan</Filter>
    </ClCompile>
    <ClCompile Include="src\Ant\Platform\Vulkan\VulkanShader.cpp">
      <Filter>src\Ant\Platform\Vulkan</Filter>
    </ClCompile>
    <ClCompile Include="src\Ant\Platform\Vulkan\VulkanSwapChain.cpp">
      <Filter>src\Ant\Platform\Vulkan</Filter>
    </ClCompile>
    <ClCompile Include="src\Ant\Platform\Vulkan\VulkanTexture.cpp">
      <Filter>src\Ant\Platform\Vulkan</Filter>
    </ClCompile>
    <ClCompile Include="src\Ant\Platform\Vulkan\VulkanVertexBuffer.cpp">
      <Filter>src\Ant\Platform\Vulkan</Filter>
    </ClCompile>
    <ClCompile Include="src\Ant\Platform\Windows\WindowsFileSystem.cpp">
      <Filter>src\Ant\Platform\Windows</Filter>
    </ClCompile>
    <ClCompile Include="src\Ant\Platform\Windows\WindowsInput.cpp">
      <Filter>src\Ant\Platform\Windows</Filter>
    </ClCompile>
    <ClCompile Include="src\Ant\Platform\Windows\WindowsWindow.cpp">
      <Filter>src\Ant\Platform\Windows</Filter>
    </ClCompile>
    <ClCompile Include="src\Ant\Renderer\Camera.cpp">
      <Filter>src\Ant\Renderer</Filter>
    </ClCompile>
    <ClCompile Include="src\Ant\Renderer\Framebuffer.cpp">
      <Filter>src\Ant\Renderer</Filter>
    </ClCompile>
    <ClCompile Include="src\Ant\Renderer\Image.cpp">
      <Filter>src\Ant\Renderer</Filter>
    </ClCompile>
    <ClCompile Include="src\Ant\Renderer\IndexBuffer.cpp">
      <Filter>src\Ant\Renderer</Filter>
    </ClCompile>
    <ClCompile Include="src\Ant\Renderer\Material.cpp">
      <Filter>src\Ant\Renderer</Filter>
    </ClCompile>
    <ClCompile Include="src\Ant\Renderer\Mesh.cpp">
      <Filter>src\Ant\Renderer</Filter>
    </ClCompile>
    <ClCompile Include="src\Ant\Renderer\MeshFactory.cpp">
      <Filter>src\Ant\Renderer</Filter>
    </ClCompile>
    <ClCompile Include="src\Ant\Renderer\Pipeline.cpp">
      <Filter>src\Ant\Renderer</Filter>
    </ClCompile>
    <ClCompile Include="src\Ant\Renderer\RenderCommandQueue.cpp">
      <Filter>src\Ant\Renderer</Filter>
    </ClCompile>
    <ClCompile Include="src\Ant\Renderer\RenderPass.cpp">
      <Filter>src\Ant\Renderer</Filter>
    </ClCompile>
    <ClCompile Include="src\Ant\Renderer\Renderer.cpp">
      <Filter>src\Ant\Renderer</Filter>
    </ClCompile>
    <ClCompile Include="src\Ant\Renderer\Renderer2D.cpp">
      <Filter>src\Ant\Renderer</Filter>
    </ClCompile>
    <ClCompile Include="src\Ant\Renderer\RendererContext.cpp">
      <Filter>src\Ant\Renderer</Filter>
    </ClCompile>
    <ClCompile Include="src\Ant\Renderer\SceneEnvironment.cpp">
      <Filter>src\Ant\Renderer</Filter>
    </ClCompile>
    <ClCompile Include="src\Ant\Renderer\SceneRenderer.cpp">
      <Filter>src\Ant\Renderer</Filter>
    </ClCompile>
    <ClCompile Include="src\Ant\Renderer\Shader.cpp">
      <Filter>src\Ant\Renderer</Filter>
    </ClCompile>
    <ClCompile Include="src\Ant\Renderer\Texture.cpp">
      <Filter>src\Ant\Renderer</Filter>
    </ClCompile>
    <ClCompile Include="src\Ant\Renderer\VertexBuffer.cpp">
      <Filter>src\Ant\Renderer</Filter>
    </ClCompile>
    <ClCompile Include="src\Ant\Scene\Entity.cpp">
      <Filter>src\Ant\Scene</Filter>
    </ClCompile>
    <ClCompile Include="src\Ant\Scene\Scene.cpp">
      <Filter>src\Ant\Scene</Filter>
    </ClCompile>
    <ClCompile Include="src\Ant\Scene\SceneCamera.cpp">
      <Filter>src\Ant\Scene</Filter>
    </ClCompile>
    <ClCompile Include="src\Ant\Scene\SceneSerializer.cpp">
      <Filter>src\Ant\Scene</Filter>
    </ClCompile>
    <ClCompile Include="src\Ant\Scripts\ScriptEngine.cpp">
      <Filter>src\Ant\Scripts</Filter>
    </ClCompile>
    <ClCompile Include="src\Ant\Scripts\ScriptEngineRegistry.cpp">
      <Filter>src\Ant\Scripts</Filter>
    </ClCompile>
    <ClCompile Include="src\Ant\Scripts\ScriptWrappers.cpp">
      <Filter>src\Ant\Scripts</Filter>
    </ClCompile>
    <ClCompile Include="src\Ant\Utilities\StringUtils.cpp">
      <Filter>src\Ant\Utilities</Filter>
    </ClCompile>
    <ClCompile Include="src\antpch.cpp">
      <Filter>src</Filter>
    </ClCompile>
    <ClCompile Include="vendor\ImGuizmo\ImGuizmo.cpp">
      <Filter>vendor\ImGuizmo</Filter>
    </ClCompile>
    <ClCompile Include="vendor\VulkanMemoryAllocator\vk_mem_alloc.cpp">
      <Filter>vendor\VulkanMemoryAllocator</Filter>
    </ClCompile>
    <ClCompile Include="vendor\imgui\examples\imgui_impl_vulkan_with_textures.cpp">
      <Filter>vendor\imgui\examples</Filter>
    </ClCompile>
    <ClCompile Include="vendor\stb_image\stb_image.cpp">
      <Filter>vendor\stb_image</Filter>
    </ClCompile>
    <ClCompile Include="vendor\yaml-cpp\src\binary.cpp">
      <Filter>vendor\yaml-cpp\src</Filter>
    </ClCompile>
    <ClCompile Include="vendor\yaml-cpp\src\contrib\graphbuilder.cpp">
      <Filter>vendor\yaml-cpp\src\contrib</Filter>
    </ClCompile>
    <ClCompile Include="vendor\yaml-cpp\src\contrib\graphbuilderadapter.cpp">
      <Filter>vendor\yaml-cpp\src\contrib</Filter>
    </ClCompile>
    <ClCompile Include="vendor\yaml-cpp\src\convert.cpp">
      <Filter>vendor\yaml-cpp\src</Filter>
    </ClCompile>
    <ClCompile Include="vendor\yaml-cpp\src\depthguard.cpp">
      <Filter>vendor\yaml-cpp\src</Filter>
    </ClCompile>
    <ClCompile Include="vendor\yaml-cpp\src\directives.cpp">
      <Filter>vendor\yaml-cpp\src</Filter>
    </ClCompile>
    <ClCompile Include="vendor\yaml-cpp\src\emit.cpp">
      <Filter>vendor\yaml-cpp\src</Filter>
    </ClCompile>
    <ClCompile Include="vendor\yaml-cpp\src\emitfromevents.cpp">
      <Filter>vendor\yaml-cpp\src</Filter>
    </ClCompile>
    <ClCompile Include="vendor\yaml-cpp\src\emitter.cpp">
      <Filter>vendor\yaml-cpp\src</Filter>
    </ClCompile>
    <ClCompile Include="vendor\yaml-cpp\src\emitterstate.cpp">
      <Filter>vendor\yaml-cpp\src</Filter>
    </ClCompile>
    <ClCompile Include="vendor\yaml-cpp\src\emitterutils.cpp">
      <Filter>vendor\yaml-cpp\src</Filter>
    </ClCompile>
    <ClCompile Include="vendor\yaml-cpp\src\exceptions.cpp">
      <Filter>vendor\yaml-cpp\src</Filter>
    </ClCompile>
    <ClCompile Include="vendor\yaml-cpp\src\exp.cpp">
      <Filter>vendor\yaml-cpp\src</Filter>
    </ClCompile>
    <ClCompile Include="vendor\yaml-cpp\src\node.cpp">
      <Filter>vendor\yaml-cpp\src</Filter>
    </ClCompile>
    <ClCompile Include="vendor\yaml-cpp\src\node_data.cpp">
      <Filter>vendor\yaml-cpp\src</Filter>
    </ClCompile>
    <ClCompile Include="vendor\yaml-cpp\src\nodebuilder.cpp">
      <Filter>vendor\yaml-cpp\src</Filter>
    </ClCompile>
    <ClCompile Include="vendor\yaml-cpp\src\nodeevents.cpp">
      <Filter>vendor\yaml-cpp\src</Filter>
    </ClCompile>
    <ClCompile Include="vendor\yaml-cpp\src\null.cpp">
      <Filter>vendor\yaml-cpp\src</Filter>
    </ClCompile>
    <ClCompile Include="vendor\yaml-cpp\src\ostream_wrapper.cpp">
      <Filter>vendor\yaml-cpp\src</Filter>
    </ClCompile>
    <ClCompile Include="vendor\yaml-cpp\src\parse.cpp">
      <Filter>vendor\yaml-cpp\src</Filter>
    </ClCompile>
    <ClCompile Include="vendor\yaml-cpp\src\parser.cpp">
      <Filter>vendor\yaml-cpp\src</Filter>
    </ClCompile>
    <ClCompile Include="vendor\yaml-cpp\src\regex_yaml.cpp">
      <Filter>vendor\yaml-cpp\src</Filter>
    </ClCompile>
    <ClCompile Include="vendor\yaml-cpp\src\scanner.cpp">
      <Filter>vendor\yaml-cpp\src</Filter>
    </ClCompile>
    <ClCompile Include="vendor\yaml-cpp\src\scanscalar.cpp">
      <Filter>vendor\yaml-cpp\src</Filter>
    </ClCompile>
    <ClCompile Include="vendor\yaml-cpp\src\scantag.cpp">
      <Filter>vendor\yaml-cpp\src</Filter>
    </ClCompile>
    <ClCompile Include="vendor\yaml-cpp\src\scantoken.cpp">
      <Filter>vendor\yaml-cpp\src</Filter>
    </ClCompile>
    <ClCompile Include="vendor\yaml-cpp\src\simplekey.cpp">
      <Filter>vendor\yaml-cpp\src</Filter>
    </ClCompile>
    <ClCompile Include="vendor\yaml-cpp\src\singledocparser.cpp">
      <Filter>vendor\yaml-cpp\src</Filter>
    </ClCompile>
    <ClCompile Include="vendor\yaml-cpp\src\stream.cpp">
      <Filter>vendor\yaml-cpp\src</Filter>
    </ClCompile>
    <ClCompile Include="vendor\yaml-cpp\src\tag.cpp">
      <Filter>vendor\yaml-cpp\src</Filter>
    </ClCompile>
    <ClCompile Include="vendor\yaml-cpp\src\yamlmemory.cpp">
      <Filter>vendor\yaml-cpp\src</Filter>
    </ClCompile>
  </ItemGroup>
</Project>