<?xml version="1.0" encoding="utf-8"?>
<Project ToolsVersion="4.0" xmlns="http://schemas.microsoft.com/developer/msbuild/2003">
  <ItemGroup>
    <Filter Include="Resources">
      <UniqueIdentifier>{000BCD17-6C75-818E-B5B3-3234215D5FE3}</UniqueIdentifier>
    </Filter>
    <Filter Include="Resources\Shaders">
      <UniqueIdentifier>{D92F8C3C-4546-8AD2-8EBD-15F4FA125B5A}</UniqueIdentifier>
    </Filter>
    <Filter Include="Resources\Shaders\Include">
      <UniqueIdentifier>{2C880CFA-984A-4084-E1FA-CE104DFC1862}</UniqueIdentifier>
    </Filter>
    <Filter Include="Resources\Shaders\Include\Common">
      <UniqueIdentifier>{E42B450F-D07C-3051-F9E0-1E13E590C3BA}</UniqueIdentifier>
    </Filter>
    <Filter Include="Resources\Shaders\Include\GLSL">
      <UniqueIdentifier>{8D403FC9-7966-0930-62AC-8EFB4E712EFC}</UniqueIdentifier>
    </Filter>
    <Filter Include="Resources\Shaders\Include\HLSL">
      <UniqueIdentifier>{EECC3FC9-DAF2-0930-C338-8FFBAFFD2EFC}</UniqueIdentifier>
    </Filter>
    <Filter Include="Resources\Shaders\PostProcessing">
      <UniqueIdentifier>{AB25CA2D-9776-B56F-C0DA-A331AC8A48D9}</UniqueIdentifier>
    </Filter>
    <Filter Include="src">
      <UniqueIdentifier>{2DAB880B-99B4-887C-2230-9F7C8E38947C}</UniqueIdentifier>
    </Filter>
    <Filter Include="src\Panels">
      <UniqueIdentifier>{DFE6F326-CB9E-3574-34A6-0ED0207DD064}</UniqueIdentifier>
    </Filter>
    <Filter Include="src\Panels\ContentBrowser">
      <UniqueIdentifier>{2DA0A0B7-9962-D441-E212-63CE4E14AD1F}</UniqueIdentifier>
    </Filter>
  </ItemGroup>
  <ItemGroup>
    <ClInclude Include="src\EditorLayer.h">
      <Filter>src</Filter>
    </ClInclude>
    <ClInclude Include="src\Panels\ApplicationSettingsPanel.h">
      <Filter>src\Panels</Filter>
    </ClInclude>
    <ClInclude Include="src\Panels\AssetManagerPanel.h">
      <Filter>src\Panels</Filter>
    </ClInclude>
    <ClInclude Include="src\Panels\ContentBrowser\ContentBrowserItem.h">
      <Filter>src\Panels\ContentBrowser</Filter>
    </ClInclude>
    <ClInclude Include="src\Panels\ContentBrowserPanel.h">
      <Filter>src\Panels</Filter>
    </ClInclude>
    <ClInclude Include="src\Panels\MaterialsPanel.h">
      <Filter>src\Panels</Filter>
    </ClInclude>
    <ClInclude Include="src\Panels\PhysicsStatsPanel.h">
      <Filter>src\Panels</Filter>
    </ClInclude>
    <ClInclude Include="src\Panels\ProjectSettingsWindow.h">
      <Filter>src\Panels</Filter>
    </ClInclude>
    <ClInclude Include="src\Panels\SceneRendererPanel.h">
      <Filter>src\Panels</Filter>
    </ClInclude>
  </ItemGroup>
  <ItemGroup>
    <ClCompile Include="src\AntPlayApp.cpp">
      <Filter>src</Filter>
    </ClCompile>
    <ClCompile Include="src\EditorLayer.cpp">
      <Filter>src</Filter>
    </ClCompile>
    <ClCompile Include="src\Panels\ApplicationSettingsPanel.cpp">
      <Filter>src\Panels</Filter>
    </ClCompile>
    <ClCompile Include="src\Panels\AssetManagerPanel.cpp">
      <Filter>src\Panels</Filter>
    </ClCompile>
    <ClCompile Include="src\Panels\ContentBrowser\ContentBrowserItem.cpp">
      <Filter>src\Panels\ContentBrowser</Filter>
    </ClCompile>
    <ClCompile Include="src\Panels\ContentBrowserPanel.cpp">
      <Filter>src\Panels</Filter>
    </ClCompile>
    <ClCompile Include="src\Panels\MaterialsPanel.cpp">
      <Filter>src\Panels</Filter>
    </ClCompile>
    <ClCompile Include="src\Panels\PhysicsStatsPanel.cpp">
      <Filter>src\Panels</Filter>
    </ClCompile>
    <ClCompile Include="src\Panels\ProjectSettingsWindow.cpp">
      <Filter>src\Panels</Filter>
    </ClCompile>
    <ClCompile Include="src\Panels\SceneRendererPanel.cpp">
      <Filter>src\Panels</Filter>
    </ClCompile>
  </ItemGroup>
  <ItemGroup>
    <FxCompile Include="Resources\Shaders\PostProcessing\GTAO.hlsl">
      <Filter>Resources\Shaders\PostProcessing</Filter>
    </FxCompile>
  </ItemGroup>
  <ItemGroup>
    <None Include="Resources\Shaders\AntPBR_Anim.glsl">
      <Filter>Resources\Shaders</Filter>
    </None>
    <None Include="Resources\Shaders\AntPBR_Static.glsl">
      <Filter>Resources\Shaders</Filter>
    </None>
    <None Include="Resources\Shaders\AntPBR_Transparent.glsl">
      <Filter>Resources\Shaders</Filter>
    </None>
    <None Include="Resources\Shaders\Deinterleaving.glsl">
      <Filter>Resources\Shaders</Filter>
    </None>
    <None Include="Resources\Shaders\DirShadowMap.glsl">
      <Filter>Resources\Shaders</Filter>
    </None>
    <None Include="Resources\Shaders\DirShadowMap_Anim.glsl">
      <Filter>Resources\Shaders</Filter>
    </None>
    <None Include="Resources\Shaders\EnvironmentIrradiance.glsl">
      <Filter>Resources\Shaders</Filter>
    </None>
    <None Include="Resources\Shaders\EnvironmentMipFilter.glsl">
      <Filter>Resources\Shaders</Filter>
    </None>
    <None Include="Resources\Shaders\EquirectangularToCubeMap.glsl">
      <Filter>Resources\Shaders</Filter>
    </None>
    <None Include="Resources\Shaders\Grid.glsl">
      <Filter>Resources\Shaders</Filter>
    </None>
    <None Include="Resources\Shaders\HZB.glsl">
      <Filter>Resources\Shaders</Filter>
    </None>
    <None Include="Resources\Shaders\Include\Common\Common.slh">
      <Filter>Resources\Shaders\Include\Common</Filter>
    </None>
    <None Include="Resources\Shaders\Include\Common\GTAO.slh">
      <Filter>Resources\Shaders\Include\Common</Filter>
    </None>
    <None Include="Resources\Shaders\Include\GLSL\Buffers.glslh">
      <Filter>Resources\Shaders\Include\GLSL</Filter>
    </None>
    <None Include="Resources\Shaders\Include\GLSL\Common.glslh">
      <Filter>Resources\Shaders\Include\GLSL</Filter>
    </None>
    <None Include="Resources\Shaders\Include\GLSL\EnvironmentMapping.glslh">
      <Filter>Resources\Shaders\Include\GLSL</Filter>
    </None>
    <None Include="Resources\Shaders\Include\GLSL\Lighting.glslh">
      <Filter>Resources\Shaders\Include\GLSL</Filter>
    </None>
    <None Include="Resources\Shaders\Include\GLSL\PBR.glslh">
      <Filter>Resources\Shaders\Include\GLSL</Filter>
    </None>
    <None Include="Resources\Shaders\Include\GLSL\ShadowMapping.glslh">
      <Filter>Resources\Shaders\Include\GLSL</Filter>
    </None>
    <None Include="Resources\Shaders\Include\HLSL\Buffers.hlslh">
      <Filter>Resources\Shaders\Include\HLSL</Filter>
    </None>
    <None Include="Resources\Shaders\Include\HLSL\Types.hlslh">
      <Filter>Resources\Shaders\Include\HLSL</Filter>
    </None>
    <None Include="Resources\Shaders\JumpFlood_Composite.glsl">
      <Filter>Resources\Shaders</Filter>
    </None>
    <None Include="Resources\Shaders\JumpFlood_Init.glsl">
      <Filter>Resources\Shaders</Filter>
    </None>
    <None Include="Resources\Shaders\JumpFlood_Pass.glsl">
      <Filter>Resources\Shaders</Filter>
    </None>
    <None Include="Resources\Shaders\LightCulling.glsl">
      <Filter>Resources\Shaders</Filter>
    </None>
    <None Include="Resources\Shaders\PostProcessing\AO-Composite.glsl">
      <Filter>Resources\Shaders\PostProcessing</Filter>
    </None>
    <None Include="Resources\Shaders\PostProcessing\Bloom.glsl">
      <Filter>Resources\Shaders\PostProcessing</Filter>
    </None>
    <None Include="Resources\Shaders\PostProcessing\DOF.glsl">
      <Filter>Resources\Shaders\PostProcessing</Filter>
    </None>
    <None Include="Resources\Shaders\PostProcessing\EdgeDetection.glsl">
      <Filter>Resources\Shaders\PostProcessing</Filter>
    </None>
    <None Include="Resources\Shaders\PostProcessing\GTAO-Denoise.glsl">
      <Filter>Resources\Shaders\PostProcessing</Filter>
    </None>
    <None Include="Resources\Shaders\PostProcessing\HBAO.glsl">
      <Filter>Resources\Shaders\PostProcessing</Filter>
    </None>
    <None Include="Resources\Shaders\PostProcessing\HBAOBlur.glsl">
      <Filter>Resources\Shaders\PostProcessing</Filter>
    </None>
    <None Include="Resources\Shaders\PostProcessing\Pre-Convolution.glsl">
      <Filter>Resources\Shaders\PostProcessing</Filter>
    </None>
    <None Include="Resources\Shaders\PostProcessing\SSR-Composite.glsl">
      <Filter>Resources\Shaders\PostProcessing</Filter>
    </None>
    <None Include="Resources\Shaders\PostProcessing\SSR.glsl">
      <Filter>Resources\Shaders\PostProcessing</Filter>
    </None>
    <None Include="Resources\Shaders\PostProcessing\SceneComposite.glsl">
      <Filter>Resources\Shaders\PostProcessing</Filter>
    </None>
    <None Include="Resources\Shaders\Pre-Integration.glsl">
      <Filter>Resources\Shaders</Filter>
    </None>
    <None Include="Resources\Shaders\PreDepth.glsl">
      <Filter>Resources\Shaders</Filter>
    </None>
    <None Include="Resources\Shaders\PreDepth_Anim.glsl">
      <Filter>Resources\Shaders</Filter>
    </None>
    <None Include="Resources\Shaders\PreethamSky.glsl">
      <Filter>Resources\Shaders</Filter>
    </None>
    <None Include="Resources\Shaders\Reinterleaving.glsl">
      <Filter>Resources\Shaders</Filter>
    </None>
    <None Include="Resources\Shaders\Renderer2D.glsl">
      <Filter>Resources\Shaders</Filter>
    </None>
    <None Include="Resources\Shaders\Renderer2D_Circle.glsl">
      <Filter>Resources\Shaders</Filter>
    </None>
    <None Include="Resources\Shaders\Renderer2D_Line.glsl">
      <Filter>Resources\Shaders</Filter>
    </None>
    <None Include="Resources\Shaders\Renderer2D_Text.glsl">
      <Filter>Resources\Shaders</Filter>
    </None>
    <None Include="Resources\Shaders\SelectedGeometry.glsl">
      <Filter>Resources\Shaders</Filter>
    </None>
    <None Include="Resources\Shaders\SelectedGeometry_Anim.glsl">
      <Filter>Resources\Shaders</Filter>
    </None>
    <None Include="Resources\Shaders\Skybox.glsl">
      <Filter>Resources\Shaders</Filter>
    </None>
    <None Include="Resources\Shaders\SpotShadowMap.glsl">
      <Filter>Resources\Shaders</Filter>
    </None>
    <None Include="Resources\Shaders\SpotShadowMap_Anim.glsl">
      <Filter>Resources\Shaders</Filter>
    </None>
    <None Include="Resources\Shaders\TexturePass.glsl">
      <Filter>Resources\Shaders</Filter>
    </None>
    <None Include="Resources\Shaders\Wireframe.glsl">
      <Filter>Resources\Shaders</Filter>
    </None>
    <None Include="Resources\Shaders\Wireframe_Anim.glsl">
      <Filter>Resources\Shaders</Filter>
    </None>
    <None Include="Resources\Shaders\shader.glsl">
      <Filter>Resources\Shaders</Filter>
    </None>
  </ItemGroup>
</Project>